// !$*UTF8*$!
{
	archiveVersion = 1;
	classes = {
	};
	objectVersion = 56;
	objects = {

/* Begin PBXBuildFile section */
		040914F72B561A18001B549B /* ReportSelectView.swift in Sources */ = {isa = PBXBuildFile; fileRef = 040914F62B561A18001B549B /* ReportSelectView.swift */; };
		040914F92B561FA8001B549B /* ReportSelectCellView.swift in Sources */ = {isa = PBXBuildFile; fileRef = 040914F82B561FA8001B549B /* ReportSelectCellView.swift */; };
		040914FB2B5624E7001B549B /* ReportResultView.swift in Sources */ = {isa = PBXBuildFile; fileRef = 040914FA2B5624E7001B549B /* ReportResultView.swift */; };
		412B3A942B44F65100C2C7CD /* FirebaseAnalytics in Frameworks */ = {isa = PBXBuildFile; productRef = 412B3A932B44F65100C2C7CD /* FirebaseAnalytics */; };
		412B3A962B44F65100C2C7CD /* FirebaseAuth in Frameworks */ = {isa = PBXBuildFile; productRef = 412B3A952B44F65100C2C7CD /* FirebaseAuth */; };
		412B3A982B44F65100C2C7CD /* FirebaseFirestore in Frameworks */ = {isa = PBXBuildFile; productRef = 412B3A972B44F65100C2C7CD /* FirebaseFirestore */; };
		412B3A9A2B44F65100C2C7CD /* FirebaseFirestoreCombine-Community in Frameworks */ = {isa = PBXBuildFile; productRef = 412B3A992B44F65100C2C7CD /* FirebaseFirestoreCombine-Community */; };
		412B3A9C2B44F65100C2C7CD /* FirebaseFirestoreSwift in Frameworks */ = {isa = PBXBuildFile; productRef = 412B3A9B2B44F65100C2C7CD /* FirebaseFirestoreSwift */; };
		412B3A9E2B44F65100C2C7CD /* FirebaseMessaging in Frameworks */ = {isa = PBXBuildFile; productRef = 412B3A9D2B44F65100C2C7CD /* FirebaseMessaging */; };
		412B3AA02B44F65100C2C7CD /* FirebaseStorage in Frameworks */ = {isa = PBXBuildFile; productRef = 412B3A9F2B44F65100C2C7CD /* FirebaseStorage */; };
		417568642B47999E003AA8C0 /* PhoneumberTFFormat.swift in Sources */ = {isa = PBXBuildFile; fileRef = 417568632B47999E003AA8C0 /* PhoneumberTFFormat.swift */; };
		419741E12B558F3A0055F2AB /* BlueButtonView.swift in Sources */ = {isa = PBXBuildFile; fileRef = 419741DF2B558F3A0055F2AB /* BlueButtonView.swift */; };
		419741E22B558F3A0055F2AB /* FeedSurfers.swift in Sources */ = {isa = PBXBuildFile; fileRef = 419741E02B558F3A0055F2AB /* FeedSurfers.swift */; };
		419741ED2B558F4A0055F2AB /* SocialGlobeView.swift in Sources */ = {isa = PBXBuildFile; fileRef = 419741E62B558F4A0055F2AB /* SocialGlobeView.swift */; };
		419741EF2B558F4A0055F2AB /* MyFeedHeaderView.swift in Sources */ = {isa = PBXBuildFile; fileRef = 419741E82B558F4A0055F2AB /* MyFeedHeaderView.swift */; };
		419741F12B558F4A0055F2AB /* MyFeedView.swift in Sources */ = {isa = PBXBuildFile; fileRef = 419741EB2B558F4A0055F2AB /* MyFeedView.swift */; };
		4197420A2B55900D0055F2AB /* LoginAlert.swift in Sources */ = {isa = PBXBuildFile; fileRef = 419742032B55900D0055F2AB /* LoginAlert.swift */; };
		4197420B2B55900D0055F2AB /* Profile.swift in Sources */ = {isa = PBXBuildFile; fileRef = 419742042B55900D0055F2AB /* Profile.swift */; };
		4197420C2B55900D0055F2AB /* MemoryView.swift in Sources */ = {isa = PBXBuildFile; fileRef = 419742052B55900D0055F2AB /* MemoryView.swift */; };
		4197420D2B55900D0055F2AB /* FeedView.swift in Sources */ = {isa = PBXBuildFile; fileRef = 419742062B55900D0055F2AB /* FeedView.swift */; };
		4197420E2B55900D0055F2AB /* FeedCell.swift in Sources */ = {isa = PBXBuildFile; fileRef = 419742072B55900D0055F2AB /* FeedCell.swift */; };
		4197420F2B55900D0055F2AB /* MainView.swift in Sources */ = {isa = PBXBuildFile; fileRef = 419742082B55900D0055F2AB /* MainView.swift */; };
		419742102B55900D0055F2AB /* ContentView.swift in Sources */ = {isa = PBXBuildFile; fileRef = 419742092B55900D0055F2AB /* ContentView.swift */; };
		41FD99F62B43D5EC0028D38E /* PADOApp.swift in Sources */ = {isa = PBXBuildFile; fileRef = 41FD99F52B43D5EC0028D38E /* PADOApp.swift */; };
		41FD99FA2B43D5ED0028D38E /* Assets.xcassets in Resources */ = {isa = PBXBuildFile; fileRef = 41FD99F92B43D5ED0028D38E /* Assets.xcassets */; };
		41FD99FD2B43D5ED0028D38E /* Preview Assets.xcassets in Resources */ = {isa = PBXBuildFile; fileRef = 41FD99FC2B43D5ED0028D38E /* Preview Assets.xcassets */; };
		41FD9A072B43D5ED0028D38E /* PADOTests.swift in Sources */ = {isa = PBXBuildFile; fileRef = 41FD9A062B43D5ED0028D38E /* PADOTests.swift */; };
		41FD9A112B43D5ED0028D38E /* PADOUITests.swift in Sources */ = {isa = PBXBuildFile; fileRef = 41FD9A102B43D5ED0028D38E /* PADOUITests.swift */; };
		41FD9A132B43D5ED0028D38E /* PADOUITestsLaunchTests.swift in Sources */ = {isa = PBXBuildFile; fileRef = 41FD9A122B43D5ED0028D38E /* PADOUITestsLaunchTests.swift */; };
		41FD9A212B43D94A0028D38E /* .swiftlint.yml in Resources */ = {isa = PBXBuildFile; fileRef = 41FD9A202B43D94A0028D38E /* .swiftlint.yml */; };
		520155022B47052B004E209D /* Friends.swift in Sources */ = {isa = PBXBuildFile; fileRef = 520155012B47052B004E209D /* Friends.swift */; };
		635B09482B4500AA009E60A9 /* AuthenticationViewModel.swift in Sources */ = {isa = PBXBuildFile; fileRef = 635B09472B4500AA009E60A9 /* AuthenticationViewModel.swift */; };
		635B094A2B4500CB009E60A9 /* User.swift in Sources */ = {isa = PBXBuildFile; fileRef = 635B09492B4500CB009E60A9 /* User.swift */; };
		635B094F2B4510C1009E60A9 /* SearchBar.swift in Sources */ = {isa = PBXBuildFile; fileRef = 635B094E2B4510C1009E60A9 /* SearchBar.swift */; };
		635B09572B4510D1009E60A9 /* SuggestionCellView.swift in Sources */ = {isa = PBXBuildFile; fileRef = 635B09502B4510D1009E60A9 /* SuggestionCellView.swift */; };
		635B09582B4510D1009E60A9 /* FriendCellView.swift in Sources */ = {isa = PBXBuildFile; fileRef = 635B09512B4510D1009E60A9 /* FriendCellView.swift */; };
		635B09592B4510D1009E60A9 /* LeftMenu.swift in Sources */ = {isa = PBXBuildFile; fileRef = 635B09522B4510D1009E60A9 /* LeftMenu.swift */; };
		635B095A2B4510D1009E60A9 /* Suggestions.swift in Sources */ = {isa = PBXBuildFile; fileRef = 635B09532B4510D1009E60A9 /* Suggestions.swift */; };
		635B095B2B4510D1009E60A9 /* FriendsView.swift in Sources */ = {isa = PBXBuildFile; fileRef = 635B09542B4510D1009E60A9 /* FriendsView.swift */; };
		635B095C2B4510D1009E60A9 /* RequestsView.swift in Sources */ = {isa = PBXBuildFile; fileRef = 635B09552B4510D1009E60A9 /* RequestsView.swift */; };
		635B095D2B4510D1009E60A9 /* LeftMenuTopView.swift in Sources */ = {isa = PBXBuildFile; fileRef = 635B09562B4510D1009E60A9 /* LeftMenuTopView.swift */; };
		635B09612B451103009E60A9 /* Extensions.swift in Sources */ = {isa = PBXBuildFile; fileRef = 635B09602B451103009E60A9 /* Extensions.swift */; };
		635B09642B45111A009E60A9 /* ThreeDots.swift in Sources */ = {isa = PBXBuildFile; fileRef = 635B09632B45111A009E60A9 /* ThreeDots.swift */; };
		635B096E2B451127009E60A9 /* NotificationsButtonView.swift in Sources */ = {isa = PBXBuildFile; fileRef = 635B09652B451126009E60A9 /* NotificationsButtonView.swift */; };
		635B096F2B451127009E60A9 /* MemoriesView.swift in Sources */ = {isa = PBXBuildFile; fileRef = 635B09662B451126009E60A9 /* MemoriesView.swift */; };
		635B09702B451127009E60A9 /* SettingsView.swift in Sources */ = {isa = PBXBuildFile; fileRef = 635B09672B451126009E60A9 /* SettingsView.swift */; };
		635B09712B451127009E60A9 /* NotificationsView.swift in Sources */ = {isa = PBXBuildFile; fileRef = 635B09682B451126009E60A9 /* NotificationsView.swift */; };
		635B09722B451127009E60A9 /* ContactUsView.swift in Sources */ = {isa = PBXBuildFile; fileRef = 635B09692B451127009E60A9 /* ContactUsView.swift */; };
		635B09732B451127009E60A9 /* TimeZoneView.swift in Sources */ = {isa = PBXBuildFile; fileRef = 635B096A2B451127009E60A9 /* TimeZoneView.swift */; };
		635B09742B451127009E60A9 /* EditProfileView.swift in Sources */ = {isa = PBXBuildFile; fileRef = 635B096B2B451127009E60A9 /* EditProfileView.swift */; };
		635B09752B451127009E60A9 /* HelpView.swift in Sources */ = {isa = PBXBuildFile; fileRef = 635B096C2B451127009E60A9 /* HelpView.swift */; };
		635B09762B451127009E60A9 /* OtherView.swift in Sources */ = {isa = PBXBuildFile; fileRef = 635B096D2B451127009E60A9 /* OtherView.swift */; };
		635B09792B451138009E60A9 /* ChevronButtonView.swift in Sources */ = {isa = PBXBuildFile; fileRef = 635B09782B451138009E60A9 /* ChevronButtonView.swift */; };
		63824C422B558B2400D1D653 /* BirthView.swift in Sources */ = {isa = PBXBuildFile; fileRef = 63824C3D2B558B2400D1D653 /* BirthView.swift */; };
		63824C432B558B2400D1D653 /* CodeView.swift in Sources */ = {isa = PBXBuildFile; fileRef = 63824C3E2B558B2400D1D653 /* CodeView.swift */; };
		63824C442B558B2400D1D653 /* PhoneNumberView.swift in Sources */ = {isa = PBXBuildFile; fileRef = 63824C3F2B558B2400D1D653 /* PhoneNumberView.swift */; };
		63824C452B558B2400D1D653 /* StartView.swift in Sources */ = {isa = PBXBuildFile; fileRef = 63824C402B558B2400D1D653 /* StartView.swift */; };
		63824C462B558B2400D1D653 /* IdView.swift in Sources */ = {isa = PBXBuildFile; fileRef = 63824C412B558B2400D1D653 /* IdView.swift */; };
		63824C4C2B558B5500D1D653 /* ModalBlackButton.swift in Sources */ = {isa = PBXBuildFile; fileRef = 63824C472B558B5500D1D653 /* ModalBlackButton.swift */; };
		63824C4D2B558B5500D1D653 /* ModalWhiteButton.swift in Sources */ = {isa = PBXBuildFile; fileRef = 63824C482B558B5500D1D653 /* ModalWhiteButton.swift */; };
		63824C4E2B558B5500D1D653 /* CustomTF.swift in Sources */ = {isa = PBXBuildFile; fileRef = 63824C492B558B5500D1D653 /* CustomTF.swift */; };
		63824C4F2B558B5500D1D653 /* VerificationView.swift in Sources */ = {isa = PBXBuildFile; fileRef = 63824C4A2B558B5500D1D653 /* VerificationView.swift */; };
		63824C502B558B5500D1D653 /* WhiteButtonView.swift in Sources */ = {isa = PBXBuildFile; fileRef = 63824C4B2B558B5500D1D653 /* WhiteButtonView.swift */; };
		63824C522B558B6900D1D653 /* UseIDModalView.swift in Sources */ = {isa = PBXBuildFile; fileRef = 63824C512B558B6900D1D653 /* UseIDModalView.swift */; };
		63AB41192B45D38F007B37DC /* FirebaseStorageCombine-Community in Frameworks */ = {isa = PBXBuildFile; productRef = 63AB41182B45D38F007B37DC /* FirebaseStorageCombine-Community */; };
		63AB411D2B468C25007B37DC /* NavigationViewStyleHelper.swift in Sources */ = {isa = PBXBuildFile; fileRef = 63AB411C2B468C25007B37DC /* NavigationViewStyleHelper.swift */; };
		63B563FB2B44653800AEC5E7 /* CountryPicker in Frameworks */ = {isa = PBXBuildFile; productRef = 63B563FA2B44653800AEC5E7 /* CountryPicker */; };
		63B563FD2B44655C00AEC5E7 /* Country.swift in Sources */ = {isa = PBXBuildFile; fileRef = 63B563FC2B44655C00AEC5E7 /* Country.swift */; };
		63B563FF2B44656600AEC5E7 /* Year.swift in Sources */ = {isa = PBXBuildFile; fileRef = 63B563FE2B44656600AEC5E7 /* Year.swift */; };
		63B564012B44656F00AEC5E7 /* countries.json in Resources */ = {isa = PBXBuildFile; fileRef = 63B564002B44656F00AEC5E7 /* countries.json */; };
		63C8BA492B561DC200025422 /* SignUpButton.swift in Sources */ = {isa = PBXBuildFile; fileRef = 63C8BA482B561DC200025422 /* SignUpButton.swift */; };
		63C8BA4B2B561FA900025422 /* EnjoyButton.swift in Sources */ = {isa = PBXBuildFile; fileRef = 63C8BA4A2B561FA900025422 /* EnjoyButton.swift */; };
		63C8BA4D2B56241200025422 /* TextAnimation.swift in Sources */ = {isa = PBXBuildFile; fileRef = 63C8BA4C2B56241200025422 /* TextAnimation.swift */; };
		63C8BA522B5661A500025422 /* NotificationView.swift in Sources */ = {isa = PBXBuildFile; fileRef = 63C8BA512B5661A500025422 /* NotificationView.swift */; };
		63C8BA542B56623500025422 /* FollowerCell.swift in Sources */ = {isa = PBXBuildFile; fileRef = 63C8BA532B56623500025422 /* FollowerCell.swift */; };
		63C8BA562B56644600025422 /* CreateFeedCell.swift in Sources */ = {isa = PBXBuildFile; fileRef = 63C8BA552B56644600025422 /* CreateFeedCell.swift */; };
		63C8BA582B56659800025422 /* SurferCell.swift in Sources */ = {isa = PBXBuildFile; fileRef = 63C8BA572B56659800025422 /* SurferCell.swift */; };
		63D2785C2B44650A0064A7F1 /* SelectCountryView.swift in Sources */ = {isa = PBXBuildFile; fileRef = 63D278562B44650A0064A7F1 /* SelectCountryView.swift */; };
		63D2785D2B44650A0064A7F1 /* EnterAgeView.swift in Sources */ = {isa = PBXBuildFile; fileRef = 63D278572B44650A0064A7F1 /* EnterAgeView.swift */; };
		63D2785E2B44650A0064A7F1 /* EnterNameView.swift in Sources */ = {isa = PBXBuildFile; fileRef = 63D278582B44650A0064A7F1 /* EnterNameView.swift */; };
		63D2785F2B44650A0064A7F1 /* MainAuthenticationView.swift in Sources */ = {isa = PBXBuildFile; fileRef = 63D278592B44650A0064A7F1 /* MainAuthenticationView.swift */; };
		63D278602B44650A0064A7F1 /* EnterPhoneNumberView.swift in Sources */ = {isa = PBXBuildFile; fileRef = 63D2785A2B44650A0064A7F1 /* EnterPhoneNumberView.swift */; };
		63D278612B44650A0064A7F1 /* EnterCodeView.swift in Sources */ = {isa = PBXBuildFile; fileRef = 63D2785B2B44650A0064A7F1 /* EnterCodeView.swift */; };
		649372F12B56102D00BCDA71 /* MyFeedContentView.swift in Sources */ = {isa = PBXBuildFile; fileRef = 419741E72B558F4A0055F2AB /* MyFeedContentView.swift */; };
		649372F22B56103B00BCDA71 /* SocialNetWorkBarView.swift in Sources */ = {isa = PBXBuildFile; fileRef = 419741E92B558F4A0055F2AB /* SocialNetWorkBarView.swift */; };
		649372F42B5612E700BCDA71 /* FollowingView.swift in Sources */ = {isa = PBXBuildFile; fileRef = 649372F32B5612E700BCDA71 /* FollowingView.swift */; };
		649372F62B5612EE00BCDA71 /* FollowerView.swift in Sources */ = {isa = PBXBuildFile; fileRef = 649372F52B5612EE00BCDA71 /* FollowerView.swift */; };
		649372F82B561A6F00BCDA71 /* FollowingCellView.swift in Sources */ = {isa = PBXBuildFile; fileRef = 649372F72B561A6F00BCDA71 /* FollowingCellView.swift */; };
		649372FA2B561C5000BCDA71 /* SearchView.swift in Sources */ = {isa = PBXBuildFile; fileRef = 649372F92B561C5000BCDA71 /* SearchView.swift */; };
		649372FC2B565FB300BCDA71 /* FollowView.swift in Sources */ = {isa = PBXBuildFile; fileRef = 649372FB2B565FB300BCDA71 /* FollowView.swift */; };
		649372FE2B56665200BCDA71 /* FollowerUserCellView.swift in Sources */ = {isa = PBXBuildFile; fileRef = 649372FD2B56665100BCDA71 /* FollowerUserCellView.swift */; };
		64D0E74D2B5505C800060A73 /* CircularImageView.swift in Sources */ = {isa = PBXBuildFile; fileRef = 64D0E74C2B5505C800060A73 /* CircularImageView.swift */; };
		B102FE7A2B5682570005C310 /* GoogleService-Info.plist in Resources */ = {isa = PBXBuildFile; fileRef = B102FE782B5682570005C310 /* GoogleService-Info.plist */; };
		B102FE7B2B5682570005C310 /* ApiKeys.xcconfig in Resources */ = {isa = PBXBuildFile; fileRef = B102FE792B5682570005C310 /* ApiKeys.xcconfig */; };
		B102FE7E2B56CC360005C310 /* SurfingMakeView.swift in Sources */ = {isa = PBXBuildFile; fileRef = B102FE7D2B56CC360005C310 /* SurfingMakeView.swift */; };
		B102FE802B56D34C0005C310 /* VerificationPostView.swift in Sources */ = {isa = PBXBuildFile; fileRef = B102FE7F2B56D34C0005C310 /* VerificationPostView.swift */; };
		B102FE822B56DB5B0005C310 /* PostButtonView.swift in Sources */ = {isa = PBXBuildFile; fileRef = B102FE812B56DB5B0005C310 /* PostButtonView.swift */; };
		B102FE842B56DC030005C310 /* GrayButtonView.swift in Sources */ = {isa = PBXBuildFile; fileRef = B102FE832B56DC030005C310 /* GrayButtonView.swift */; };
		B198BBA02B5639D500EAA6C0 /* ModalAlertView.swift in Sources */ = {isa = PBXBuildFile; fileRef = B198BB9F2B5639D500EAA6C0 /* ModalAlertView.swift */; };
		B1A91D0F2B55928D00FE7F62 /* SettingView.swift in Sources */ = {isa = PBXBuildFile; fileRef = B1A91D062B55928D00FE7F62 /* SettingView.swift */; };
		B1A91D102B55928D00FE7F62 /* SettingNormalCell.swift in Sources */ = {isa = PBXBuildFile; fileRef = B1A91D072B55928D00FE7F62 /* SettingNormalCell.swift */; };
		B1A91D112B55928D00FE7F62 /* SettingNotificationView.swift in Sources */ = {isa = PBXBuildFile; fileRef = B1A91D082B55928D00FE7F62 /* SettingNotificationView.swift */; };
		B1A91D122B55928D00FE7F62 /* SettingOthersView.swift in Sources */ = {isa = PBXBuildFile; fileRef = B1A91D092B55928D00FE7F62 /* SettingOthersView.swift */; };
		B1A91D132B55928D00FE7F62 /* SettingToggleCell.swift in Sources */ = {isa = PBXBuildFile; fileRef = B1A91D0A2B55928D00FE7F62 /* SettingToggleCell.swift */; };
		B1A91D142B55928D00FE7F62 /* SettingAskView.swift in Sources */ = {isa = PBXBuildFile; fileRef = B1A91D0B2B55928D00FE7F62 /* SettingAskView.swift */; };
		B1A91D152B55928D00FE7F62 /* SettingAlertView.swift in Sources */ = {isa = PBXBuildFile; fileRef = B1A91D0C2B55928D00FE7F62 /* SettingAlertView.swift */; };
		B1A91D162B55928D00FE7F62 /* SettingInfoView.swift in Sources */ = {isa = PBXBuildFile; fileRef = B1A91D0D2B55928D00FE7F62 /* SettingInfoView.swift */; };
		B1A91D172B55928D00FE7F62 /* SettingProfileView.swift in Sources */ = {isa = PBXBuildFile; fileRef = B1A91D0E2B55928D00FE7F62 /* SettingProfileView.swift */; };
		B1D7CDE02B564BF20090544B /* DummyView.swift in Sources */ = {isa = PBXBuildFile; fileRef = B1D7CDDF2B564BF20090544B /* DummyView.swift */; };
		B1D7CDE42B5656B10090544B /* ModalBackground.swift in Sources */ = {isa = PBXBuildFile; fileRef = B1D7CDE32B5656B10090544B /* ModalBackground.swift */; };
		B1D7CDE72B5668CD0090544B /* RoundedEdge.swift in Sources */ = {isa = PBXBuildFile; fileRef = B1D7CDE62B5668CD0090544B /* RoundedEdge.swift */; };
		B1D7CDE92B5669200090544B /* SettingRedCell.swift in Sources */ = {isa = PBXBuildFile; fileRef = B1D7CDE82B5669200090544B /* SettingRedCell.swift */; };
		B1D7CDEC2B5669B80090544B /* SettingDivider.swift in Sources */ = {isa = PBXBuildFile; fileRef = B1D7CDEB2B5669B80090544B /* SettingDivider.swift */; };
		B1D7CDEF2B566A2F0090544B /* ViewExtension.swift in Sources */ = {isa = PBXBuildFile; fileRef = B1D7CDEE2B566A2F0090544B /* ViewExtension.swift */; };
/* End PBXBuildFile section */

/* Begin PBXContainerItemProxy section */
		41FD9A032B43D5ED0028D38E /* PBXContainerItemProxy */ = {
			isa = PBXContainerItemProxy;
			containerPortal = 41FD99EA2B43D5EC0028D38E /* Project object */;
			proxyType = 1;
			remoteGlobalIDString = 41FD99F12B43D5EC0028D38E;
			remoteInfo = PADO;
		};
		41FD9A0D2B43D5ED0028D38E /* PBXContainerItemProxy */ = {
			isa = PBXContainerItemProxy;
			containerPortal = 41FD99EA2B43D5EC0028D38E /* Project object */;
			proxyType = 1;
			remoteGlobalIDString = 41FD99F12B43D5EC0028D38E;
			remoteInfo = PADO;
		};
/* End PBXContainerItemProxy section */

/* Begin PBXFileReference section */
		040914F62B561A18001B549B /* ReportSelectView.swift */ = {isa = PBXFileReference; lastKnownFileType = sourcecode.swift; path = ReportSelectView.swift; sourceTree = "<group>"; };
		040914F82B561FA8001B549B /* ReportSelectCellView.swift */ = {isa = PBXFileReference; lastKnownFileType = sourcecode.swift; path = ReportSelectCellView.swift; sourceTree = "<group>"; };
		040914FA2B5624E7001B549B /* ReportResultView.swift */ = {isa = PBXFileReference; lastKnownFileType = sourcecode.swift; path = ReportResultView.swift; sourceTree = "<group>"; };
		040914FE2B567231001B549B /* GoogleService-Info.plist */ = {isa = PBXFileReference; fileEncoding = 4; lastKnownFileType = text.plist.xml; path = "GoogleService-Info.plist"; sourceTree = "<group>"; };
		412B3AA32B44F67100C2C7CD /* PADO.entitlements */ = {isa = PBXFileReference; lastKnownFileType = text.plist.entitlements; path = PADO.entitlements; sourceTree = "<group>"; };
		412B3AA42B44F6EC00C2C7CD /* Info.plist */ = {isa = PBXFileReference; lastKnownFileType = text.plist; path = Info.plist; sourceTree = "<group>"; };
		417568632B47999E003AA8C0 /* PhoneumberTFFormat.swift */ = {isa = PBXFileReference; lastKnownFileType = sourcecode.swift; path = PhoneumberTFFormat.swift; sourceTree = "<group>"; };
		419741DF2B558F3A0055F2AB /* BlueButtonView.swift */ = {isa = PBXFileReference; fileEncoding = 4; lastKnownFileType = sourcecode.swift; path = BlueButtonView.swift; sourceTree = "<group>"; };
		419741E02B558F3A0055F2AB /* FeedSurfers.swift */ = {isa = PBXFileReference; fileEncoding = 4; lastKnownFileType = sourcecode.swift; path = FeedSurfers.swift; sourceTree = "<group>"; };
		419741E52B558F4A0055F2AB /* CircularImageView.swift */ = {isa = PBXFileReference; fileEncoding = 4; lastKnownFileType = sourcecode.swift; path = CircularImageView.swift; sourceTree = "<group>"; };
		419741E62B558F4A0055F2AB /* SocialGlobeView.swift */ = {isa = PBXFileReference; fileEncoding = 4; lastKnownFileType = sourcecode.swift; path = SocialGlobeView.swift; sourceTree = "<group>"; };
		419741E72B558F4A0055F2AB /* MyFeedContentView.swift */ = {isa = PBXFileReference; fileEncoding = 4; lastKnownFileType = sourcecode.swift; path = MyFeedContentView.swift; sourceTree = "<group>"; };
		419741E82B558F4A0055F2AB /* MyFeedHeaderView.swift */ = {isa = PBXFileReference; fileEncoding = 4; lastKnownFileType = sourcecode.swift; path = MyFeedHeaderView.swift; sourceTree = "<group>"; };
		419741E92B558F4A0055F2AB /* SocialNetWorkBarView.swift */ = {isa = PBXFileReference; fileEncoding = 4; lastKnownFileType = sourcecode.swift; path = SocialNetWorkBarView.swift; sourceTree = "<group>"; };
		419741EB2B558F4A0055F2AB /* MyFeedView.swift */ = {isa = PBXFileReference; fileEncoding = 4; lastKnownFileType = sourcecode.swift; path = MyFeedView.swift; sourceTree = "<group>"; };
		419742032B55900D0055F2AB /* LoginAlert.swift */ = {isa = PBXFileReference; fileEncoding = 4; lastKnownFileType = sourcecode.swift; path = LoginAlert.swift; sourceTree = "<group>"; };
		419742042B55900D0055F2AB /* Profile.swift */ = {isa = PBXFileReference; fileEncoding = 4; lastKnownFileType = sourcecode.swift; path = Profile.swift; sourceTree = "<group>"; };
		419742052B55900D0055F2AB /* MemoryView.swift */ = {isa = PBXFileReference; fileEncoding = 4; lastKnownFileType = sourcecode.swift; path = MemoryView.swift; sourceTree = "<group>"; };
		419742062B55900D0055F2AB /* FeedView.swift */ = {isa = PBXFileReference; fileEncoding = 4; lastKnownFileType = sourcecode.swift; path = FeedView.swift; sourceTree = "<group>"; };
		419742072B55900D0055F2AB /* FeedCell.swift */ = {isa = PBXFileReference; fileEncoding = 4; lastKnownFileType = sourcecode.swift; path = FeedCell.swift; sourceTree = "<group>"; };
		419742082B55900D0055F2AB /* MainView.swift */ = {isa = PBXFileReference; fileEncoding = 4; lastKnownFileType = sourcecode.swift; path = MainView.swift; sourceTree = "<group>"; };
		419742092B55900D0055F2AB /* ContentView.swift */ = {isa = PBXFileReference; fileEncoding = 4; lastKnownFileType = sourcecode.swift; path = ContentView.swift; sourceTree = "<group>"; };
		41FD99F22B43D5EC0028D38E /* PADO.app */ = {isa = PBXFileReference; explicitFileType = wrapper.application; includeInIndex = 0; path = PADO.app; sourceTree = BUILT_PRODUCTS_DIR; };
		41FD99F52B43D5EC0028D38E /* PADOApp.swift */ = {isa = PBXFileReference; lastKnownFileType = sourcecode.swift; path = PADOApp.swift; sourceTree = "<group>"; };
		41FD99F92B43D5ED0028D38E /* Assets.xcassets */ = {isa = PBXFileReference; lastKnownFileType = folder.assetcatalog; path = Assets.xcassets; sourceTree = "<group>"; };
		41FD99FC2B43D5ED0028D38E /* Preview Assets.xcassets */ = {isa = PBXFileReference; lastKnownFileType = folder.assetcatalog; path = "Preview Assets.xcassets"; sourceTree = "<group>"; };
		41FD9A022B43D5ED0028D38E /* PADOTests.xctest */ = {isa = PBXFileReference; explicitFileType = wrapper.cfbundle; includeInIndex = 0; path = PADOTests.xctest; sourceTree = BUILT_PRODUCTS_DIR; };
		41FD9A062B43D5ED0028D38E /* PADOTests.swift */ = {isa = PBXFileReference; lastKnownFileType = sourcecode.swift; path = PADOTests.swift; sourceTree = "<group>"; };
		41FD9A0C2B43D5ED0028D38E /* PADOUITests.xctest */ = {isa = PBXFileReference; explicitFileType = wrapper.cfbundle; includeInIndex = 0; path = PADOUITests.xctest; sourceTree = BUILT_PRODUCTS_DIR; };
		41FD9A102B43D5ED0028D38E /* PADOUITests.swift */ = {isa = PBXFileReference; lastKnownFileType = sourcecode.swift; path = PADOUITests.swift; sourceTree = "<group>"; };
		41FD9A122B43D5ED0028D38E /* PADOUITestsLaunchTests.swift */ = {isa = PBXFileReference; lastKnownFileType = sourcecode.swift; path = PADOUITestsLaunchTests.swift; sourceTree = "<group>"; };
		41FD9A202B43D94A0028D38E /* .swiftlint.yml */ = {isa = PBXFileReference; lastKnownFileType = text.yaml; path = .swiftlint.yml; sourceTree = "<group>"; };
		520155012B47052B004E209D /* Friends.swift */ = {isa = PBXFileReference; lastKnownFileType = sourcecode.swift; path = Friends.swift; sourceTree = "<group>"; };
		635B09472B4500AA009E60A9 /* AuthenticationViewModel.swift */ = {isa = PBXFileReference; lastKnownFileType = sourcecode.swift; path = AuthenticationViewModel.swift; sourceTree = "<group>"; };
		635B09492B4500CB009E60A9 /* User.swift */ = {isa = PBXFileReference; lastKnownFileType = sourcecode.swift; path = User.swift; sourceTree = "<group>"; };
		635B094E2B4510C1009E60A9 /* SearchBar.swift */ = {isa = PBXFileReference; fileEncoding = 4; lastKnownFileType = sourcecode.swift; path = SearchBar.swift; sourceTree = "<group>"; };
		635B09502B4510D1009E60A9 /* SuggestionCellView.swift */ = {isa = PBXFileReference; fileEncoding = 4; lastKnownFileType = sourcecode.swift; path = SuggestionCellView.swift; sourceTree = "<group>"; };
		635B09512B4510D1009E60A9 /* FriendCellView.swift */ = {isa = PBXFileReference; fileEncoding = 4; lastKnownFileType = sourcecode.swift; path = FriendCellView.swift; sourceTree = "<group>"; };
		635B09522B4510D1009E60A9 /* LeftMenu.swift */ = {isa = PBXFileReference; fileEncoding = 4; lastKnownFileType = sourcecode.swift; path = LeftMenu.swift; sourceTree = "<group>"; };
		635B09532B4510D1009E60A9 /* Suggestions.swift */ = {isa = PBXFileReference; fileEncoding = 4; lastKnownFileType = sourcecode.swift; path = Suggestions.swift; sourceTree = "<group>"; };
		635B09542B4510D1009E60A9 /* FriendsView.swift */ = {isa = PBXFileReference; fileEncoding = 4; lastKnownFileType = sourcecode.swift; path = FriendsView.swift; sourceTree = "<group>"; };
		635B09552B4510D1009E60A9 /* RequestsView.swift */ = {isa = PBXFileReference; fileEncoding = 4; lastKnownFileType = sourcecode.swift; path = RequestsView.swift; sourceTree = "<group>"; };
		635B09562B4510D1009E60A9 /* LeftMenuTopView.swift */ = {isa = PBXFileReference; fileEncoding = 4; lastKnownFileType = sourcecode.swift; path = LeftMenuTopView.swift; sourceTree = "<group>"; };
		635B09602B451103009E60A9 /* Extensions.swift */ = {isa = PBXFileReference; fileEncoding = 4; lastKnownFileType = sourcecode.swift; path = Extensions.swift; sourceTree = "<group>"; };
		635B09632B45111A009E60A9 /* ThreeDots.swift */ = {isa = PBXFileReference; fileEncoding = 4; lastKnownFileType = sourcecode.swift; path = ThreeDots.swift; sourceTree = "<group>"; };
		635B09652B451126009E60A9 /* NotificationsButtonView.swift */ = {isa = PBXFileReference; fileEncoding = 4; lastKnownFileType = sourcecode.swift; path = NotificationsButtonView.swift; sourceTree = "<group>"; };
		635B09662B451126009E60A9 /* MemoriesView.swift */ = {isa = PBXFileReference; fileEncoding = 4; lastKnownFileType = sourcecode.swift; path = MemoriesView.swift; sourceTree = "<group>"; };
		635B09672B451126009E60A9 /* SettingsView.swift */ = {isa = PBXFileReference; fileEncoding = 4; lastKnownFileType = sourcecode.swift; path = SettingsView.swift; sourceTree = "<group>"; };
		635B09682B451126009E60A9 /* NotificationsView.swift */ = {isa = PBXFileReference; fileEncoding = 4; lastKnownFileType = sourcecode.swift; path = NotificationsView.swift; sourceTree = "<group>"; };
		635B09692B451127009E60A9 /* ContactUsView.swift */ = {isa = PBXFileReference; fileEncoding = 4; lastKnownFileType = sourcecode.swift; path = ContactUsView.swift; sourceTree = "<group>"; };
		635B096A2B451127009E60A9 /* TimeZoneView.swift */ = {isa = PBXFileReference; fileEncoding = 4; lastKnownFileType = sourcecode.swift; path = TimeZoneView.swift; sourceTree = "<group>"; };
		635B096B2B451127009E60A9 /* EditProfileView.swift */ = {isa = PBXFileReference; fileEncoding = 4; lastKnownFileType = sourcecode.swift; path = EditProfileView.swift; sourceTree = "<group>"; };
		635B096C2B451127009E60A9 /* HelpView.swift */ = {isa = PBXFileReference; fileEncoding = 4; lastKnownFileType = sourcecode.swift; path = HelpView.swift; sourceTree = "<group>"; };
		635B096D2B451127009E60A9 /* OtherView.swift */ = {isa = PBXFileReference; fileEncoding = 4; lastKnownFileType = sourcecode.swift; path = OtherView.swift; sourceTree = "<group>"; };
		635B09782B451138009E60A9 /* ChevronButtonView.swift */ = {isa = PBXFileReference; fileEncoding = 4; lastKnownFileType = sourcecode.swift; path = ChevronButtonView.swift; sourceTree = "<group>"; };
		63824C3D2B558B2400D1D653 /* BirthView.swift */ = {isa = PBXFileReference; fileEncoding = 4; lastKnownFileType = sourcecode.swift; path = BirthView.swift; sourceTree = "<group>"; };
		63824C3E2B558B2400D1D653 /* CodeView.swift */ = {isa = PBXFileReference; fileEncoding = 4; lastKnownFileType = sourcecode.swift; path = CodeView.swift; sourceTree = "<group>"; };
		63824C3F2B558B2400D1D653 /* PhoneNumberView.swift */ = {isa = PBXFileReference; fileEncoding = 4; lastKnownFileType = sourcecode.swift; path = PhoneNumberView.swift; sourceTree = "<group>"; };
		63824C402B558B2400D1D653 /* StartView.swift */ = {isa = PBXFileReference; fileEncoding = 4; lastKnownFileType = sourcecode.swift; path = StartView.swift; sourceTree = "<group>"; };
		63824C412B558B2400D1D653 /* IdView.swift */ = {isa = PBXFileReference; fileEncoding = 4; lastKnownFileType = sourcecode.swift; path = IdView.swift; sourceTree = "<group>"; };
		63824C472B558B5500D1D653 /* ModalBlackButton.swift */ = {isa = PBXFileReference; fileEncoding = 4; lastKnownFileType = sourcecode.swift; path = ModalBlackButton.swift; sourceTree = "<group>"; };
		63824C482B558B5500D1D653 /* ModalWhiteButton.swift */ = {isa = PBXFileReference; fileEncoding = 4; lastKnownFileType = sourcecode.swift; path = ModalWhiteButton.swift; sourceTree = "<group>"; };
		63824C492B558B5500D1D653 /* CustomTF.swift */ = {isa = PBXFileReference; fileEncoding = 4; lastKnownFileType = sourcecode.swift; path = CustomTF.swift; sourceTree = "<group>"; };
		63824C4A2B558B5500D1D653 /* VerificationView.swift */ = {isa = PBXFileReference; fileEncoding = 4; lastKnownFileType = sourcecode.swift; path = VerificationView.swift; sourceTree = "<group>"; };
		63824C4B2B558B5500D1D653 /* WhiteButtonView.swift */ = {isa = PBXFileReference; fileEncoding = 4; lastKnownFileType = sourcecode.swift; path = WhiteButtonView.swift; sourceTree = "<group>"; };
		63824C512B558B6900D1D653 /* UseIDModalView.swift */ = {isa = PBXFileReference; fileEncoding = 4; lastKnownFileType = sourcecode.swift; path = UseIDModalView.swift; sourceTree = "<group>"; };
		63AB411C2B468C25007B37DC /* NavigationViewStyleHelper.swift */ = {isa = PBXFileReference; lastKnownFileType = sourcecode.swift; path = NavigationViewStyleHelper.swift; sourceTree = "<group>"; };
		63B563FC2B44655C00AEC5E7 /* Country.swift */ = {isa = PBXFileReference; fileEncoding = 4; lastKnownFileType = sourcecode.swift; path = Country.swift; sourceTree = "<group>"; };
		63B563FE2B44656600AEC5E7 /* Year.swift */ = {isa = PBXFileReference; fileEncoding = 4; lastKnownFileType = sourcecode.swift; path = Year.swift; sourceTree = "<group>"; };
		63B564002B44656F00AEC5E7 /* countries.json */ = {isa = PBXFileReference; fileEncoding = 4; lastKnownFileType = text.json; path = countries.json; sourceTree = "<group>"; };
		63C8BA482B561DC200025422 /* SignUpButton.swift */ = {isa = PBXFileReference; lastKnownFileType = sourcecode.swift; path = SignUpButton.swift; sourceTree = "<group>"; };
		63C8BA4A2B561FA900025422 /* EnjoyButton.swift */ = {isa = PBXFileReference; lastKnownFileType = sourcecode.swift; path = EnjoyButton.swift; sourceTree = "<group>"; };
		63C8BA4C2B56241200025422 /* TextAnimation.swift */ = {isa = PBXFileReference; lastKnownFileType = sourcecode.swift; path = TextAnimation.swift; sourceTree = "<group>"; };
		63C8BA512B5661A500025422 /* NotificationView.swift */ = {isa = PBXFileReference; lastKnownFileType = sourcecode.swift; path = NotificationView.swift; sourceTree = "<group>"; };
		63C8BA532B56623500025422 /* FollowerCell.swift */ = {isa = PBXFileReference; lastKnownFileType = sourcecode.swift; path = FollowerCell.swift; sourceTree = "<group>"; };
		63C8BA552B56644600025422 /* CreateFeedCell.swift */ = {isa = PBXFileReference; lastKnownFileType = sourcecode.swift; path = CreateFeedCell.swift; sourceTree = "<group>"; };
		63C8BA572B56659800025422 /* SurferCell.swift */ = {isa = PBXFileReference; lastKnownFileType = sourcecode.swift; path = SurferCell.swift; sourceTree = "<group>"; };
		63D278562B44650A0064A7F1 /* SelectCountryView.swift */ = {isa = PBXFileReference; fileEncoding = 4; lastKnownFileType = sourcecode.swift; path = SelectCountryView.swift; sourceTree = "<group>"; };
		63D278572B44650A0064A7F1 /* EnterAgeView.swift */ = {isa = PBXFileReference; fileEncoding = 4; lastKnownFileType = sourcecode.swift; path = EnterAgeView.swift; sourceTree = "<group>"; };
		63D278582B44650A0064A7F1 /* EnterNameView.swift */ = {isa = PBXFileReference; fileEncoding = 4; lastKnownFileType = sourcecode.swift; path = EnterNameView.swift; sourceTree = "<group>"; };
		63D278592B44650A0064A7F1 /* MainAuthenticationView.swift */ = {isa = PBXFileReference; fileEncoding = 4; lastKnownFileType = sourcecode.swift; path = MainAuthenticationView.swift; sourceTree = "<group>"; };
		63D2785A2B44650A0064A7F1 /* EnterPhoneNumberView.swift */ = {isa = PBXFileReference; fileEncoding = 4; lastKnownFileType = sourcecode.swift; path = EnterPhoneNumberView.swift; sourceTree = "<group>"; };
		63D2785B2B44650A0064A7F1 /* EnterCodeView.swift */ = {isa = PBXFileReference; fileEncoding = 4; lastKnownFileType = sourcecode.swift; path = EnterCodeView.swift; sourceTree = "<group>"; };
		649372F32B5612E700BCDA71 /* FollowingView.swift */ = {isa = PBXFileReference; lastKnownFileType = sourcecode.swift; path = FollowingView.swift; sourceTree = "<group>"; };
		649372F52B5612EE00BCDA71 /* FollowerView.swift */ = {isa = PBXFileReference; lastKnownFileType = sourcecode.swift; path = FollowerView.swift; sourceTree = "<group>"; };
		649372F72B561A6F00BCDA71 /* FollowingCellView.swift */ = {isa = PBXFileReference; lastKnownFileType = sourcecode.swift; path = FollowingCellView.swift; sourceTree = "<group>"; };
		649372F92B561C5000BCDA71 /* SearchView.swift */ = {isa = PBXFileReference; lastKnownFileType = sourcecode.swift; path = SearchView.swift; sourceTree = "<group>"; };
		649372FB2B565FB300BCDA71 /* FollowView.swift */ = {isa = PBXFileReference; lastKnownFileType = sourcecode.swift; path = FollowView.swift; sourceTree = "<group>"; };
		649372FD2B56665100BCDA71 /* FollowerUserCellView.swift */ = {isa = PBXFileReference; lastKnownFileType = sourcecode.swift; path = FollowerUserCellView.swift; sourceTree = "<group>"; };
		64D0E74C2B5505C800060A73 /* CircularImageView.swift */ = {isa = PBXFileReference; lastKnownFileType = sourcecode.swift; path = CircularImageView.swift; sourceTree = "<group>"; };
		64D0E7502B5508E500060A73 /* MyFeedView.swift */ = {isa = PBXFileReference; lastKnownFileType = sourcecode.swift; path = MyFeedView.swift; sourceTree = "<group>"; };
		64D0E7522B55092700060A73 /* MyFeedHeaderView.swift */ = {isa = PBXFileReference; lastKnownFileType = sourcecode.swift; path = MyFeedHeaderView.swift; sourceTree = "<group>"; };
		64D0E7542B5509CD00060A73 /* MyFeedContentView.swift */ = {isa = PBXFileReference; lastKnownFileType = sourcecode.swift; path = MyFeedContentView.swift; sourceTree = "<group>"; };
		64D0E7562B551D2A00060A73 /* SocialNetWorkBarView.swift */ = {isa = PBXFileReference; lastKnownFileType = sourcecode.swift; path = SocialNetWorkBarView.swift; sourceTree = "<group>"; };
		64D0E7582B55214900060A73 /* SocialGlobeView.swift */ = {isa = PBXFileReference; fileEncoding = 4; lastKnownFileType = sourcecode.swift; path = SocialGlobeView.swift; sourceTree = "<group>"; };
		B102FE782B5682570005C310 /* GoogleService-Info.plist */ = {isa = PBXFileReference; fileEncoding = 4; lastKnownFileType = text.plist.xml; path = "GoogleService-Info.plist"; sourceTree = "<group>"; };
		B102FE792B5682570005C310 /* ApiKeys.xcconfig */ = {isa = PBXFileReference; fileEncoding = 4; lastKnownFileType = text.xcconfig; name = ApiKeys.xcconfig; path = "../../../../../Downloads/PADO자료/ApiKeys.xcconfig"; sourceTree = "<group>"; };
		B102FE7D2B56CC360005C310 /* SurfingMakeView.swift */ = {isa = PBXFileReference; lastKnownFileType = sourcecode.swift; path = SurfingMakeView.swift; sourceTree = "<group>"; };
		B102FE7F2B56D34C0005C310 /* VerificationPostView.swift */ = {isa = PBXFileReference; lastKnownFileType = sourcecode.swift; path = VerificationPostView.swift; sourceTree = "<group>"; };
		B102FE812B56DB5B0005C310 /* PostButtonView.swift */ = {isa = PBXFileReference; lastKnownFileType = sourcecode.swift; path = PostButtonView.swift; sourceTree = "<group>"; };
		B102FE832B56DC030005C310 /* GrayButtonView.swift */ = {isa = PBXFileReference; lastKnownFileType = sourcecode.swift; path = GrayButtonView.swift; sourceTree = "<group>"; };
		B198BB9B2B56259600EAA6C0 /* GoogleService-Info.plist */ = {isa = PBXFileReference; fileEncoding = 4; lastKnownFileType = text.plist.xml; path = "GoogleService-Info.plist"; sourceTree = "<group>"; };
		B198BB9C2B56259600EAA6C0 /* ApiKeys.xcconfig */ = {isa = PBXFileReference; fileEncoding = 4; lastKnownFileType = text.xcconfig; path = ApiKeys.xcconfig; sourceTree = "<group>"; };
		B198BB9F2B5639D500EAA6C0 /* ModalAlertView.swift */ = {isa = PBXFileReference; lastKnownFileType = sourcecode.swift; path = ModalAlertView.swift; sourceTree = "<group>"; };
		B1A91D062B55928D00FE7F62 /* SettingView.swift */ = {isa = PBXFileReference; fileEncoding = 4; lastKnownFileType = sourcecode.swift; path = SettingView.swift; sourceTree = "<group>"; };
		B1A91D072B55928D00FE7F62 /* SettingNormalCell.swift */ = {isa = PBXFileReference; fileEncoding = 4; lastKnownFileType = sourcecode.swift; path = SettingNormalCell.swift; sourceTree = "<group>"; };
		B1A91D082B55928D00FE7F62 /* SettingNotificationView.swift */ = {isa = PBXFileReference; fileEncoding = 4; lastKnownFileType = sourcecode.swift; path = SettingNotificationView.swift; sourceTree = "<group>"; };
		B1A91D092B55928D00FE7F62 /* SettingOthersView.swift */ = {isa = PBXFileReference; fileEncoding = 4; lastKnownFileType = sourcecode.swift; path = SettingOthersView.swift; sourceTree = "<group>"; };
		B1A91D0A2B55928D00FE7F62 /* SettingToggleCell.swift */ = {isa = PBXFileReference; fileEncoding = 4; lastKnownFileType = sourcecode.swift; path = SettingToggleCell.swift; sourceTree = "<group>"; };
		B1A91D0B2B55928D00FE7F62 /* SettingAskView.swift */ = {isa = PBXFileReference; fileEncoding = 4; lastKnownFileType = sourcecode.swift; path = SettingAskView.swift; sourceTree = "<group>"; };
		B1A91D0C2B55928D00FE7F62 /* SettingAlertView.swift */ = {isa = PBXFileReference; fileEncoding = 4; lastKnownFileType = sourcecode.swift; path = SettingAlertView.swift; sourceTree = "<group>"; };
		B1A91D0D2B55928D00FE7F62 /* SettingInfoView.swift */ = {isa = PBXFileReference; fileEncoding = 4; lastKnownFileType = sourcecode.swift; path = SettingInfoView.swift; sourceTree = "<group>"; };
		B1A91D0E2B55928D00FE7F62 /* SettingProfileView.swift */ = {isa = PBXFileReference; fileEncoding = 4; lastKnownFileType = sourcecode.swift; path = SettingProfileView.swift; sourceTree = "<group>"; };
		B1D7CDDF2B564BF20090544B /* DummyView.swift */ = {isa = PBXFileReference; lastKnownFileType = sourcecode.swift; path = DummyView.swift; sourceTree = "<group>"; };
		B1D7CDE32B5656B10090544B /* ModalBackground.swift */ = {isa = PBXFileReference; lastKnownFileType = sourcecode.swift; path = ModalBackground.swift; sourceTree = "<group>"; };
		B1D7CDE62B5668CD0090544B /* RoundedEdge.swift */ = {isa = PBXFileReference; lastKnownFileType = sourcecode.swift; path = RoundedEdge.swift; sourceTree = "<group>"; };
		B1D7CDE82B5669200090544B /* SettingRedCell.swift */ = {isa = PBXFileReference; lastKnownFileType = sourcecode.swift; path = SettingRedCell.swift; sourceTree = "<group>"; };
		B1D7CDEB2B5669B80090544B /* SettingDivider.swift */ = {isa = PBXFileReference; lastKnownFileType = sourcecode.swift; path = SettingDivider.swift; sourceTree = "<group>"; };
		B1D7CDEE2B566A2F0090544B /* ViewExtension.swift */ = {isa = PBXFileReference; lastKnownFileType = sourcecode.swift; path = ViewExtension.swift; sourceTree = "<group>"; };
/* End PBXFileReference section */

/* Begin PBXFrameworksBuildPhase section */
		41FD99EF2B43D5EC0028D38E /* Frameworks */ = {
			isa = PBXFrameworksBuildPhase;
			buildActionMask = 2147483647;
			files = (
				412B3A942B44F65100C2C7CD /* FirebaseAnalytics in Frameworks */,
				412B3A982B44F65100C2C7CD /* FirebaseFirestore in Frameworks */,
				412B3A9E2B44F65100C2C7CD /* FirebaseMessaging in Frameworks */,
				412B3A962B44F65100C2C7CD /* FirebaseAuth in Frameworks */,
				412B3A9A2B44F65100C2C7CD /* FirebaseFirestoreCombine-Community in Frameworks */,
				412B3AA02B44F65100C2C7CD /* FirebaseStorage in Frameworks */,
				63B563FB2B44653800AEC5E7 /* CountryPicker in Frameworks */,
				63AB41192B45D38F007B37DC /* FirebaseStorageCombine-Community in Frameworks */,
				412B3A9C2B44F65100C2C7CD /* FirebaseFirestoreSwift in Frameworks */,
			);
			runOnlyForDeploymentPostprocessing = 0;
		};
		41FD99FF2B43D5ED0028D38E /* Frameworks */ = {
			isa = PBXFrameworksBuildPhase;
			buildActionMask = 2147483647;
			files = (
			);
			runOnlyForDeploymentPostprocessing = 0;
		};
		41FD9A092B43D5ED0028D38E /* Frameworks */ = {
			isa = PBXFrameworksBuildPhase;
			buildActionMask = 2147483647;
			files = (
			);
			runOnlyForDeploymentPostprocessing = 0;
		};
/* End PBXFrameworksBuildPhase section */

/* Begin PBXGroup section */
		040914F52B56150E001B549B /* Report */ = {
			isa = PBXGroup;
			children = (
				040914F62B561A18001B549B /* ReportSelectView.swift */,
				040914FA2B5624E7001B549B /* ReportResultView.swift */,
				040914F82B561FA8001B549B /* ReportSelectCellView.swift */,
			);
			path = Report;
			sourceTree = "<group>";
		};
		419741E32B558F4A0055F2AB /* MyFeed */ = {
			isa = PBXGroup;
			children = (
				419741E42B558F4A0055F2AB /* Component */,
				419741EA2B558F4A0055F2AB /* View */,
			);
			path = MyFeed;
			sourceTree = "<group>";
		};
		419741E42B558F4A0055F2AB /* Component */ = {
			isa = PBXGroup;
			children = (
				419741E52B558F4A0055F2AB /* CircularImageView.swift */,
				419741E62B558F4A0055F2AB /* SocialGlobeView.swift */,
				419741E72B558F4A0055F2AB /* MyFeedContentView.swift */,
				419741E82B558F4A0055F2AB /* MyFeedHeaderView.swift */,
				419741E92B558F4A0055F2AB /* SocialNetWorkBarView.swift */,
				649372F72B561A6F00BCDA71 /* FollowingCellView.swift */,
				649372FD2B56665100BCDA71 /* FollowerUserCellView.swift */,
				649372F92B561C5000BCDA71 /* SearchView.swift */,
			);
			path = Component;
			sourceTree = "<group>";
		};
		419741EA2B558F4A0055F2AB /* View */ = {
			isa = PBXGroup;
			children = (
				419741EB2B558F4A0055F2AB /* MyFeedView.swift */,
				649372FB2B565FB300BCDA71 /* FollowView.swift */,
				649372F32B5612E700BCDA71 /* FollowingView.swift */,
				649372F52B5612EE00BCDA71 /* FollowerView.swift */,
			);
			path = View;
			sourceTree = "<group>";
		};
		419742012B55900D0055F2AB /* MainView */ = {
			isa = PBXGroup;
			children = (
				419742082B55900D0055F2AB /* MainView.swift */,
				419742092B55900D0055F2AB /* ContentView.swift */,
				040914F52B56150E001B549B /* Report */,
				419742022B55900D0055F2AB /* Feed */,
			);
			path = MainView;
			sourceTree = "<group>";
		};
		419742022B55900D0055F2AB /* Feed */ = {
			isa = PBXGroup;
			children = (
				419742032B55900D0055F2AB /* LoginAlert.swift */,
				419742042B55900D0055F2AB /* Profile.swift */,
				419742052B55900D0055F2AB /* MemoryView.swift */,
				419742062B55900D0055F2AB /* FeedView.swift */,
				419742072B55900D0055F2AB /* FeedCell.swift */,
			);
			path = Feed;
			sourceTree = "<group>";
		};
		41FD99E92B43D5EC0028D38E = {
			isa = PBXGroup;
			children = (
				41FD9A202B43D94A0028D38E /* .swiftlint.yml */,
				41FD99F42B43D5EC0028D38E /* PADO */,
				41FD9A052B43D5ED0028D38E /* PADOTests */,
				41FD9A0F2B43D5ED0028D38E /* PADOUITests */,
				41FD99F32B43D5EC0028D38E /* Products */,
				63AB41172B45D38F007B37DC /* Frameworks */,
				63E5620F2B567E590060E561 /* Recovered References */,
			);
			sourceTree = "<group>";
		};
		41FD99F32B43D5EC0028D38E /* Products */ = {
			isa = PBXGroup;
			children = (
				41FD99F22B43D5EC0028D38E /* PADO.app */,
				41FD9A022B43D5ED0028D38E /* PADOTests.xctest */,
				41FD9A0C2B43D5ED0028D38E /* PADOUITests.xctest */,
			);
			name = Products;
			sourceTree = "<group>";
		};
		41FD99F42B43D5EC0028D38E /* PADO */ = {
			isa = PBXGroup;
			children = (
				B102FE792B5682570005C310 /* ApiKeys.xcconfig */,
				B102FE782B5682570005C310 /* GoogleService-Info.plist */,
				64D0E7472B55053500060A73 /* iOS */,
				412B3AA42B44F6EC00C2C7CD /* Info.plist */,
				412B3AA32B44F67100C2C7CD /* PADO.entitlements */,
				41FD99F52B43D5EC0028D38E /* PADOApp.swift */,
				635B094D2B4510B1009E60A9 /* Items */,
				635B095E2B4510D8009E60A9 /* LeftMenu */,
				635B095F2B4510E8009E60A9 /* Extensions */,
				635B09622B45110C009E60A9 /* Helpers */,
				635B09772B45112B009E60A9 /* Settings */,
				63D278552B4464CE0064A7F1 /* Authentication */,
				63B564002B44656F00AEC5E7 /* countries.json */,
				41FD99F92B43D5ED0028D38E /* Assets.xcassets */,
				41FD99FB2B43D5ED0028D38E /* Preview Content */,
			);
			path = PADO;
			sourceTree = "<group>";
		};
		41FD99FB2B43D5ED0028D38E /* Preview Content */ = {
			isa = PBXGroup;
			children = (
				41FD99FC2B43D5ED0028D38E /* Preview Assets.xcassets */,
			);
			path = "Preview Content";
			sourceTree = "<group>";
		};
		41FD9A052B43D5ED0028D38E /* PADOTests */ = {
			isa = PBXGroup;
			children = (
				41FD9A062B43D5ED0028D38E /* PADOTests.swift */,
			);
			path = PADOTests;
			sourceTree = "<group>";
		};
		41FD9A0F2B43D5ED0028D38E /* PADOUITests */ = {
			isa = PBXGroup;
			children = (
				41FD9A102B43D5ED0028D38E /* PADOUITests.swift */,
				41FD9A122B43D5ED0028D38E /* PADOUITestsLaunchTests.swift */,
			);
			path = PADOUITests;
			sourceTree = "<group>";
		};
		635B094D2B4510B1009E60A9 /* Items */ = {
			isa = PBXGroup;
			children = (
				63824C492B558B5500D1D653 /* CustomTF.swift */,
				63824C472B558B5500D1D653 /* ModalBlackButton.swift */,
				63824C482B558B5500D1D653 /* ModalWhiteButton.swift */,
				63824C4A2B558B5500D1D653 /* VerificationView.swift */,
				63824C4B2B558B5500D1D653 /* WhiteButtonView.swift */,
				635B094E2B4510C1009E60A9 /* SearchBar.swift */,
				635B09782B451138009E60A9 /* ChevronButtonView.swift */,
				419741DF2B558F3A0055F2AB /* BlueButtonView.swift */,
				419741E02B558F3A0055F2AB /* FeedSurfers.swift */,
				63C8BA482B561DC200025422 /* SignUpButton.swift */,
				63C8BA4A2B561FA900025422 /* EnjoyButton.swift */,
				B102FE832B56DC030005C310 /* GrayButtonView.swift */,
				B102FE812B56DB5B0005C310 /* PostButtonView.swift */,
			);
			path = Items;
			sourceTree = "<group>";
		};
		635B095E2B4510D8009E60A9 /* LeftMenu */ = {
			isa = PBXGroup;
			children = (
				635B09512B4510D1009E60A9 /* FriendCellView.swift */,
				635B09542B4510D1009E60A9 /* FriendsView.swift */,
				635B09522B4510D1009E60A9 /* LeftMenu.swift */,
				635B09562B4510D1009E60A9 /* LeftMenuTopView.swift */,
				635B09552B4510D1009E60A9 /* RequestsView.swift */,
				635B09502B4510D1009E60A9 /* SuggestionCellView.swift */,
				635B09532B4510D1009E60A9 /* Suggestions.swift */,
				520155012B47052B004E209D /* Friends.swift */,
			);
			path = LeftMenu;
			sourceTree = "<group>";
		};
		635B095F2B4510E8009E60A9 /* Extensions */ = {
			isa = PBXGroup;
			children = (
				635B09602B451103009E60A9 /* Extensions.swift */,
			);
			path = Extensions;
			sourceTree = "<group>";
		};
		635B09622B45110C009E60A9 /* Helpers */ = {
			isa = PBXGroup;
			children = (
				635B09632B45111A009E60A9 /* ThreeDots.swift */,
				63AB411C2B468C25007B37DC /* NavigationViewStyleHelper.swift */,
				417568632B47999E003AA8C0 /* PhoneumberTFFormat.swift */,
			);
			path = Helpers;
			sourceTree = "<group>";
		};
		635B09772B45112B009E60A9 /* Settings */ = {
			isa = PBXGroup;
			children = (
				635B09692B451127009E60A9 /* ContactUsView.swift */,
				635B096B2B451127009E60A9 /* EditProfileView.swift */,
				635B096C2B451127009E60A9 /* HelpView.swift */,
				635B09662B451126009E60A9 /* MemoriesView.swift */,
				635B09652B451126009E60A9 /* NotificationsButtonView.swift */,
				635B09682B451126009E60A9 /* NotificationsView.swift */,
				635B096D2B451127009E60A9 /* OtherView.swift */,
				635B09672B451126009E60A9 /* SettingsView.swift */,
				635B096A2B451127009E60A9 /* TimeZoneView.swift */,
			);
			path = Settings;
			sourceTree = "<group>";
		};
		63824C2E2B55875C00D1D653 /* Login */ = {
			isa = PBXGroup;
			children = (
				63824C402B558B2400D1D653 /* StartView.swift */,
				63C8BA4C2B56241200025422 /* TextAnimation.swift */,
				63824C3F2B558B2400D1D653 /* PhoneNumberView.swift */,
				63824C3E2B558B2400D1D653 /* CodeView.swift */,
				63824C512B558B6900D1D653 /* UseIDModalView.swift */,
				63824C412B558B2400D1D653 /* IdView.swift */,
				63824C3D2B558B2400D1D653 /* BirthView.swift */,
			);
			path = Login;
			sourceTree = "<group>";
		};
		63AB41172B45D38F007B37DC /* Frameworks */ = {
			isa = PBXGroup;
			children = (
			);
			name = Frameworks;
			sourceTree = "<group>";
		};
		63C8BA502B56618B00025422 /* Notification */ = {
			isa = PBXGroup;
			children = (
				63C8BA512B5661A500025422 /* NotificationView.swift */,
				63C8BA532B56623500025422 /* FollowerCell.swift */,
				63C8BA552B56644600025422 /* CreateFeedCell.swift */,
				63C8BA572B56659800025422 /* SurferCell.swift */,
				B102FE7F2B56D34C0005C310 /* VerificationPostView.swift */,
			);
			path = Notification;
			sourceTree = "<group>";
		};
		63D278552B4464CE0064A7F1 /* Authentication */ = {
			isa = PBXGroup;
			children = (
				63D278582B44650A0064A7F1 /* EnterNameView.swift */,
				63D278572B44650A0064A7F1 /* EnterAgeView.swift */,
				63D278562B44650A0064A7F1 /* SelectCountryView.swift */,
				63D2785A2B44650A0064A7F1 /* EnterPhoneNumberView.swift */,
				63D2785B2B44650A0064A7F1 /* EnterCodeView.swift */,
				63D278592B44650A0064A7F1 /* MainAuthenticationView.swift */,
				63B563FC2B44655C00AEC5E7 /* Country.swift */,
				63B563FE2B44656600AEC5E7 /* Year.swift */,
				635B09472B4500AA009E60A9 /* AuthenticationViewModel.swift */,
				635B09492B4500CB009E60A9 /* User.swift */,
			);
			path = Authentication;
			sourceTree = "<group>";
		};
		63E5620F2B567E590060E561 /* Recovered References */ = {
			isa = PBXGroup;
			children = (
				040914FE2B567231001B549B /* GoogleService-Info.plist */,
				B198BB9B2B56259600EAA6C0 /* GoogleService-Info.plist */,
				B198BB9C2B56259600EAA6C0 /* ApiKeys.xcconfig */,
			);
			name = "Recovered References";
			sourceTree = "<group>";
		};
		64D0E7472B55053500060A73 /* iOS */ = {
			isa = PBXGroup;
			children = (
				B102FE7C2B56CB0A0005C310 /* Surfing */,
				419742012B55900D0055F2AB /* MainView */,
				419741E32B558F4A0055F2AB /* MyFeed */,
				63C8BA502B56618B00025422 /* Notification */,
				B1A91D042B55926200FE7F62 /* Setting */,
				63824C2E2B55875C00D1D653 /* Login */,
				64D0E7482B55053C00060A73 /* MyFeed */,
			);
			path = iOS;
			sourceTree = "<group>";
		};
		64D0E7482B55053C00060A73 /* MyFeed */ = {
			isa = PBXGroup;
			children = (
				64D0E74B2B55054A00060A73 /* Component */,
				64D0E7492B55054100060A73 /* View */,
			);
			path = MyFeed;
			sourceTree = "<group>";
		};
		64D0E7492B55054100060A73 /* View */ = {
			isa = PBXGroup;
			children = (
				64D0E7502B5508E500060A73 /* MyFeedView.swift */,
			);
			path = View;
			sourceTree = "<group>";
		};
		64D0E74B2B55054A00060A73 /* Component */ = {
			isa = PBXGroup;
			children = (
				64D0E74C2B5505C800060A73 /* CircularImageView.swift */,
				64D0E7582B55214900060A73 /* SocialGlobeView.swift */,
				64D0E7562B551D2A00060A73 /* SocialNetWorkBarView.swift */,
				64D0E7522B55092700060A73 /* MyFeedHeaderView.swift */,
				64D0E7542B5509CD00060A73 /* MyFeedContentView.swift */,
			);
			path = Component;
			sourceTree = "<group>";
		};
		B102FE7C2B56CB0A0005C310 /* Surfing */ = {
			isa = PBXGroup;
			children = (
				B102FE7D2B56CC360005C310 /* SurfingMakeView.swift */,
			);
			path = Surfing;
			sourceTree = "<group>";
		};
		B1A91D042B55926200FE7F62 /* Setting */ = {
			isa = PBXGroup;
			children = (
				B1A91D052B55927700FE7F62 /* View */,
			);
			path = Setting;
			sourceTree = "<group>";
		};
		B1A91D052B55927700FE7F62 /* View */ = {
			isa = PBXGroup;
			children = (
				B1D7CDED2B5669EA0090544B /* Setting-Extension */,
				B1D7CDEA2B56695C0090544B /* SettingCell */,
				B1D7CDE52B5668970090544B /* Components */,
				B1A91D0C2B55928D00FE7F62 /* SettingAlertView.swift */,
				B1A91D0B2B55928D00FE7F62 /* SettingAskView.swift */,
				B1A91D0D2B55928D00FE7F62 /* SettingInfoView.swift */,
				B1A91D082B55928D00FE7F62 /* SettingNotificationView.swift */,
				B1A91D092B55928D00FE7F62 /* SettingOthersView.swift */,
				B1A91D0E2B55928D00FE7F62 /* SettingProfileView.swift */,
				B1A91D062B55928D00FE7F62 /* SettingView.swift */,
				B198BB9F2B5639D500EAA6C0 /* ModalAlertView.swift */,
				B1D7CDDF2B564BF20090544B /* DummyView.swift */,
			);
			path = View;
			sourceTree = "<group>";
		};
		B1D7CDE52B5668970090544B /* Components */ = {
			isa = PBXGroup;
			children = (
				B1D7CDE62B5668CD0090544B /* RoundedEdge.swift */,
				B1D7CDE32B5656B10090544B /* ModalBackground.swift */,
				B1D7CDEB2B5669B80090544B /* SettingDivider.swift */,
			);
			path = Components;
			sourceTree = "<group>";
		};
		B1D7CDEA2B56695C0090544B /* SettingCell */ = {
			isa = PBXGroup;
			children = (
				B1D7CDE82B5669200090544B /* SettingRedCell.swift */,
				B1A91D072B55928D00FE7F62 /* SettingNormalCell.swift */,
				B1A91D0A2B55928D00FE7F62 /* SettingToggleCell.swift */,
			);
			path = SettingCell;
			sourceTree = "<group>";
		};
		B1D7CDED2B5669EA0090544B /* Setting-Extension */ = {
			isa = PBXGroup;
			children = (
				B1D7CDEE2B566A2F0090544B /* ViewExtension.swift */,
			);
			path = "Setting-Extension";
			sourceTree = "<group>";
		};
/* End PBXGroup section */

/* Begin PBXNativeTarget section */
		41FD99F12B43D5EC0028D38E /* PADO */ = {
			isa = PBXNativeTarget;
			buildConfigurationList = 41FD9A162B43D5EE0028D38E /* Build configuration list for PBXNativeTarget "PADO" */;
			buildPhases = (
				41FD99EE2B43D5EC0028D38E /* Sources */,
				41FD99EF2B43D5EC0028D38E /* Frameworks */,
				41FD99F02B43D5EC0028D38E /* Resources */,
				41FD9A1F2B43D8850028D38E /* ShellScript */,
			);
			buildRules = (
			);
			dependencies = (
			);
			name = PADO;
			packageProductDependencies = (
				63B563FA2B44653800AEC5E7 /* CountryPicker */,
				412B3A932B44F65100C2C7CD /* FirebaseAnalytics */,
				412B3A952B44F65100C2C7CD /* FirebaseAuth */,
				412B3A972B44F65100C2C7CD /* FirebaseFirestore */,
				412B3A992B44F65100C2C7CD /* FirebaseFirestoreCombine-Community */,
				412B3A9B2B44F65100C2C7CD /* FirebaseFirestoreSwift */,
				412B3A9D2B44F65100C2C7CD /* FirebaseMessaging */,
				412B3A9F2B44F65100C2C7CD /* FirebaseStorage */,
				63AB41182B45D38F007B37DC /* FirebaseStorageCombine-Community */,
			);
			productName = PADO;
			productReference = 41FD99F22B43D5EC0028D38E /* PADO.app */;
			productType = "com.apple.product-type.application";
		};
		41FD9A012B43D5ED0028D38E /* PADOTests */ = {
			isa = PBXNativeTarget;
			buildConfigurationList = 41FD9A192B43D5EE0028D38E /* Build configuration list for PBXNativeTarget "PADOTests" */;
			buildPhases = (
				41FD99FE2B43D5ED0028D38E /* Sources */,
				41FD99FF2B43D5ED0028D38E /* Frameworks */,
				41FD9A002B43D5ED0028D38E /* Resources */,
			);
			buildRules = (
			);
			dependencies = (
				41FD9A042B43D5ED0028D38E /* PBXTargetDependency */,
			);
			name = PADOTests;
			productName = PADOTests;
			productReference = 41FD9A022B43D5ED0028D38E /* PADOTests.xctest */;
			productType = "com.apple.product-type.bundle.unit-test";
		};
		41FD9A0B2B43D5ED0028D38E /* PADOUITests */ = {
			isa = PBXNativeTarget;
			buildConfigurationList = 41FD9A1C2B43D5EE0028D38E /* Build configuration list for PBXNativeTarget "PADOUITests" */;
			buildPhases = (
				41FD9A082B43D5ED0028D38E /* Sources */,
				41FD9A092B43D5ED0028D38E /* Frameworks */,
				41FD9A0A2B43D5ED0028D38E /* Resources */,
			);
			buildRules = (
			);
			dependencies = (
				41FD9A0E2B43D5ED0028D38E /* PBXTargetDependency */,
			);
			name = PADOUITests;
			productName = PADOUITests;
			productReference = 41FD9A0C2B43D5ED0028D38E /* PADOUITests.xctest */;
			productType = "com.apple.product-type.bundle.ui-testing";
		};
/* End PBXNativeTarget section */

/* Begin PBXProject section */
		41FD99EA2B43D5EC0028D38E /* Project object */ = {
			isa = PBXProject;
			attributes = {
				BuildIndependentTargetsInParallel = 1;
				LastSwiftUpdateCheck = 1500;
				LastUpgradeCheck = 1520;
				TargetAttributes = {
					41FD99F12B43D5EC0028D38E = {
						CreatedOnToolsVersion = 15.0.1;
					};
					41FD9A012B43D5ED0028D38E = {
						CreatedOnToolsVersion = 15.0.1;
						TestTargetID = 41FD99F12B43D5EC0028D38E;
					};
					41FD9A0B2B43D5ED0028D38E = {
						CreatedOnToolsVersion = 15.0.1;
						TestTargetID = 41FD99F12B43D5EC0028D38E;
					};
				};
			};
			buildConfigurationList = 41FD99ED2B43D5EC0028D38E /* Build configuration list for PBXProject "PADO" */;
			compatibilityVersion = "Xcode 14.0";
			developmentRegion = en;
			hasScannedForEncodings = 0;
			knownRegions = (
				en,
				Base,
			);
			mainGroup = 41FD99E92B43D5EC0028D38E;
			packageReferences = (
				63B563F92B44653800AEC5E7 /* XCRemoteSwiftPackageReference "CountryPicker" */,
				412B3A922B44F65100C2C7CD /* XCRemoteSwiftPackageReference "firebase-ios-sdk" */,
			);
			productRefGroup = 41FD99F32B43D5EC0028D38E /* Products */;
			projectDirPath = "";
			projectRoot = "";
			targets = (
				41FD99F12B43D5EC0028D38E /* PADO */,
				41FD9A012B43D5ED0028D38E /* PADOTests */,
				41FD9A0B2B43D5ED0028D38E /* PADOUITests */,
			);
		};
/* End PBXProject section */

/* Begin PBXResourcesBuildPhase section */
		41FD99F02B43D5EC0028D38E /* Resources */ = {
			isa = PBXResourcesBuildPhase;
			buildActionMask = 2147483647;
			files = (
				41FD9A212B43D94A0028D38E /* .swiftlint.yml in Resources */,
				41FD99FD2B43D5ED0028D38E /* Preview Assets.xcassets in Resources */,
				B102FE7A2B5682570005C310 /* GoogleService-Info.plist in Resources */,
				B102FE7B2B5682570005C310 /* ApiKeys.xcconfig in Resources */,
				63B564012B44656F00AEC5E7 /* countries.json in Resources */,
				41FD99FA2B43D5ED0028D38E /* Assets.xcassets in Resources */,
			);
			runOnlyForDeploymentPostprocessing = 0;
		};
		41FD9A002B43D5ED0028D38E /* Resources */ = {
			isa = PBXResourcesBuildPhase;
			buildActionMask = 2147483647;
			files = (
			);
			runOnlyForDeploymentPostprocessing = 0;
		};
		41FD9A0A2B43D5ED0028D38E /* Resources */ = {
			isa = PBXResourcesBuildPhase;
			buildActionMask = 2147483647;
			files = (
			);
			runOnlyForDeploymentPostprocessing = 0;
		};
/* End PBXResourcesBuildPhase section */

/* Begin PBXShellScriptBuildPhase section */
		41FD9A1F2B43D8850028D38E /* ShellScript */ = {
			isa = PBXShellScriptBuildPhase;
			buildActionMask = 2147483647;
			files = (
			);
			inputFileListPaths = (
			);
			inputPaths = (
			);
			outputFileListPaths = (
			);
			outputPaths = (
			);
			runOnlyForDeploymentPostprocessing = 0;
			shellPath = /bin/sh;
			shellScript = "if which swiftlint >/dev/null; then\n  swiftlint\nelse\n  echo \"warning: SwiftLint not installed, download from https://github.com/realm/SwiftLint\"\nfi\n";
		};
/* End PBXShellScriptBuildPhase section */

/* Begin PBXSourcesBuildPhase section */
		41FD99EE2B43D5EC0028D38E /* Sources */ = {
			isa = PBXSourcesBuildPhase;
			buildActionMask = 2147483647;
			files = (
				64D0E74D2B5505C800060A73 /* CircularImageView.swift in Sources */,
				649372F22B56103B00BCDA71 /* SocialNetWorkBarView.swift in Sources */,
				649372F12B56102D00BCDA71 /* MyFeedContentView.swift in Sources */,
				63C8BA542B56623500025422 /* FollowerCell.swift in Sources */,
				635B09612B451103009E60A9 /* Extensions.swift in Sources */,
				635B094A2B4500CB009E60A9 /* User.swift in Sources */,
				419741ED2B558F4A0055F2AB /* SocialGlobeView.swift in Sources */,
				635B095C2B4510D1009E60A9 /* RequestsView.swift in Sources */,
				649372F82B561A6F00BCDA71 /* FollowingCellView.swift in Sources */,
				B102FE802B56D34C0005C310 /* VerificationPostView.swift in Sources */,
				635B096E2B451127009E60A9 /* NotificationsButtonView.swift in Sources */,
				635B09762B451127009E60A9 /* OtherView.swift in Sources */,
				635B09642B45111A009E60A9 /* ThreeDots.swift in Sources */,
				635B094F2B4510C1009E60A9 /* SearchBar.swift in Sources */,
				63824C452B558B2400D1D653 /* StartView.swift in Sources */,
				B1D7CDEF2B566A2F0090544B /* ViewExtension.swift in Sources */,
				649372F42B5612E700BCDA71 /* FollowingView.swift in Sources */,
				635B09792B451138009E60A9 /* ChevronButtonView.swift in Sources */,
				419741F12B558F4A0055F2AB /* MyFeedView.swift in Sources */,
				635B09482B4500AA009E60A9 /* AuthenticationViewModel.swift in Sources */,
				B1A91D132B55928D00FE7F62 /* SettingToggleCell.swift in Sources */,
				B1A91D172B55928D00FE7F62 /* SettingProfileView.swift in Sources */,
				649372F62B5612EE00BCDA71 /* FollowerView.swift in Sources */,
				63824C432B558B2400D1D653 /* CodeView.swift in Sources */,
				649372FC2B565FB300BCDA71 /* FollowView.swift in Sources */,
				635B09592B4510D1009E60A9 /* LeftMenu.swift in Sources */,
				63B563FD2B44655C00AEC5E7 /* Country.swift in Sources */,
				B1A91D102B55928D00FE7F62 /* SettingNormalCell.swift in Sources */,
				63C8BA492B561DC200025422 /* SignUpButton.swift in Sources */,
				635B09722B451127009E60A9 /* ContactUsView.swift in Sources */,
				4197420B2B55900D0055F2AB /* Profile.swift in Sources */,
				635B09572B4510D1009E60A9 /* SuggestionCellView.swift in Sources */,
				520155022B47052B004E209D /* Friends.swift in Sources */,
				635B09752B451127009E60A9 /* HelpView.swift in Sources */,
				635B09732B451127009E60A9 /* TimeZoneView.swift in Sources */,
				63824C462B558B2400D1D653 /* IdView.swift in Sources */,
				040914F72B561A18001B549B /* ReportSelectView.swift in Sources */,
				63B563FF2B44656600AEC5E7 /* Year.swift in Sources */,
				B1A91D0F2B55928D00FE7F62 /* SettingView.swift in Sources */,
				63824C4C2B558B5500D1D653 /* ModalBlackButton.swift in Sources */,
				649372FA2B561C5000BCDA71 /* SearchView.swift in Sources */,
				4197420D2B55900D0055F2AB /* FeedView.swift in Sources */,
				B1D7CDE02B564BF20090544B /* DummyView.swift in Sources */,
				4197420E2B55900D0055F2AB /* FeedCell.swift in Sources */,
				B1A91D122B55928D00FE7F62 /* SettingOthersView.swift in Sources */,
				635B096F2B451127009E60A9 /* MemoriesView.swift in Sources */,
				B1A91D152B55928D00FE7F62 /* SettingAlertView.swift in Sources */,
				B1D7CDE42B5656B10090544B /* ModalBackground.swift in Sources */,
				63824C4F2B558B5500D1D653 /* VerificationView.swift in Sources */,
				635B095D2B4510D1009E60A9 /* LeftMenuTopView.swift in Sources */,
				63824C502B558B5500D1D653 /* WhiteButtonView.swift in Sources */,
				419741E12B558F3A0055F2AB /* BlueButtonView.swift in Sources */,
				63824C422B558B2400D1D653 /* BirthView.swift in Sources */,
				635B095A2B4510D1009E60A9 /* Suggestions.swift in Sources */,
				419741E22B558F3A0055F2AB /* FeedSurfers.swift in Sources */,
				635B095B2B4510D1009E60A9 /* FriendsView.swift in Sources */,
				635B09582B4510D1009E60A9 /* FriendCellView.swift in Sources */,
				B102FE842B56DC030005C310 /* GrayButtonView.swift in Sources */,
				635B09742B451127009E60A9 /* EditProfileView.swift in Sources */,
				63824C522B558B6900D1D653 /* UseIDModalView.swift in Sources */,
				63D2785C2B44650A0064A7F1 /* SelectCountryView.swift in Sources */,
				B1A91D112B55928D00FE7F62 /* SettingNotificationView.swift in Sources */,
				63C8BA562B56644600025422 /* CreateFeedCell.swift in Sources */,
				63D278612B44650A0064A7F1 /* EnterCodeView.swift in Sources */,
				B1A91D162B55928D00FE7F62 /* SettingInfoView.swift in Sources */,
				63824C442B558B2400D1D653 /* PhoneNumberView.swift in Sources */,
				B1D7CDE92B5669200090544B /* SettingRedCell.swift in Sources */,
				63AB411D2B468C25007B37DC /* NavigationViewStyleHelper.swift in Sources */,
				B198BBA02B5639D500EAA6C0 /* ModalAlertView.swift in Sources */,
				635B09702B451127009E60A9 /* SettingsView.swift in Sources */,
				040914FB2B5624E7001B549B /* ReportResultView.swift in Sources */,
				417568642B47999E003AA8C0 /* PhoneumberTFFormat.swift in Sources */,
				63824C4E2B558B5500D1D653 /* CustomTF.swift in Sources */,
				63C8BA522B5661A500025422 /* NotificationView.swift in Sources */,
				63C8BA4D2B56241200025422 /* TextAnimation.swift in Sources */,
				63D2785E2B44650A0064A7F1 /* EnterNameView.swift in Sources */,
				B102FE7E2B56CC360005C310 /* SurfingMakeView.swift in Sources */,
				649372FE2B56665200BCDA71 /* FollowerUserCellView.swift in Sources */,
				4197420F2B55900D0055F2AB /* MainView.swift in Sources */,
				419741EF2B558F4A0055F2AB /* MyFeedHeaderView.swift in Sources */,
				63D278602B44650A0064A7F1 /* EnterPhoneNumberView.swift in Sources */,
				419742102B55900D0055F2AB /* ContentView.swift in Sources */,
				B1D7CDE72B5668CD0090544B /* RoundedEdge.swift in Sources */,
				4197420C2B55900D0055F2AB /* MemoryView.swift in Sources */,
				B102FE822B56DB5B0005C310 /* PostButtonView.swift in Sources */,
				63C8BA4B2B561FA900025422 /* EnjoyButton.swift in Sources */,
				63824C4D2B558B5500D1D653 /* ModalWhiteButton.swift in Sources */,
				B1D7CDEC2B5669B80090544B /* SettingDivider.swift in Sources */,
				63D2785F2B44650A0064A7F1 /* MainAuthenticationView.swift in Sources */,
				B1A91D142B55928D00FE7F62 /* SettingAskView.swift in Sources */,
				41FD99F62B43D5EC0028D38E /* PADOApp.swift in Sources */,
				4197420A2B55900D0055F2AB /* LoginAlert.swift in Sources */,
				63D2785D2B44650A0064A7F1 /* EnterAgeView.swift in Sources */,
				040914F92B561FA8001B549B /* ReportSelectCellView.swift in Sources */,
				635B09712B451127009E60A9 /* NotificationsView.swift in Sources */,
				63C8BA582B56659800025422 /* SurferCell.swift in Sources */,
			);
			runOnlyForDeploymentPostprocessing = 0;
		};
		41FD99FE2B43D5ED0028D38E /* Sources */ = {
			isa = PBXSourcesBuildPhase;
			buildActionMask = 2147483647;
			files = (
				41FD9A072B43D5ED0028D38E /* PADOTests.swift in Sources */,
			);
			runOnlyForDeploymentPostprocessing = 0;
		};
		41FD9A082B43D5ED0028D38E /* Sources */ = {
			isa = PBXSourcesBuildPhase;
			buildActionMask = 2147483647;
			files = (
				41FD9A132B43D5ED0028D38E /* PADOUITestsLaunchTests.swift in Sources */,
				41FD9A112B43D5ED0028D38E /* PADOUITests.swift in Sources */,
			);
			runOnlyForDeploymentPostprocessing = 0;
		};
/* End PBXSourcesBuildPhase section */

/* Begin PBXTargetDependency section */
		41FD9A042B43D5ED0028D38E /* PBXTargetDependency */ = {
			isa = PBXTargetDependency;
			target = 41FD99F12B43D5EC0028D38E /* PADO */;
			targetProxy = 41FD9A032B43D5ED0028D38E /* PBXContainerItemProxy */;
		};
		41FD9A0E2B43D5ED0028D38E /* PBXTargetDependency */ = {
			isa = PBXTargetDependency;
			target = 41FD99F12B43D5EC0028D38E /* PADO */;
			targetProxy = 41FD9A0D2B43D5ED0028D38E /* PBXContainerItemProxy */;
		};
/* End PBXTargetDependency section */

/* Begin XCBuildConfiguration section */
		41FD9A142B43D5EE0028D38E /* Debug */ = {
			isa = XCBuildConfiguration;
			buildSettings = {
				ALWAYS_SEARCH_USER_PATHS = NO;
				ASSETCATALOG_COMPILER_GENERATE_SWIFT_ASSET_SYMBOL_EXTENSIONS = YES;
				CLANG_ANALYZER_NONNULL = YES;
				CLANG_ANALYZER_NUMBER_OBJECT_CONVERSION = YES_AGGRESSIVE;
				CLANG_CXX_LANGUAGE_STANDARD = "gnu++20";
				CLANG_ENABLE_MODULES = YES;
				CLANG_ENABLE_OBJC_ARC = YES;
				CLANG_ENABLE_OBJC_WEAK = YES;
				CLANG_WARN_BLOCK_CAPTURE_AUTORELEASING = YES;
				CLANG_WARN_BOOL_CONVERSION = YES;
				CLANG_WARN_COMMA = YES;
				CLANG_WARN_CONSTANT_CONVERSION = YES;
				CLANG_WARN_DEPRECATED_OBJC_IMPLEMENTATIONS = YES;
				CLANG_WARN_DIRECT_OBJC_ISA_USAGE = YES_ERROR;
				CLANG_WARN_DOCUMENTATION_COMMENTS = YES;
				CLANG_WARN_EMPTY_BODY = YES;
				CLANG_WARN_ENUM_CONVERSION = YES;
				CLANG_WARN_INFINITE_RECURSION = YES;
				CLANG_WARN_INT_CONVERSION = YES;
				CLANG_WARN_NON_LITERAL_NULL_CONVERSION = YES;
				CLANG_WARN_OBJC_IMPLICIT_RETAIN_SELF = YES;
				CLANG_WARN_OBJC_LITERAL_CONVERSION = YES;
				CLANG_WARN_OBJC_ROOT_CLASS = YES_ERROR;
				CLANG_WARN_QUOTED_INCLUDE_IN_FRAMEWORK_HEADER = YES;
				CLANG_WARN_RANGE_LOOP_ANALYSIS = YES;
				CLANG_WARN_STRICT_PROTOTYPES = YES;
				CLANG_WARN_SUSPICIOUS_MOVE = YES;
				CLANG_WARN_UNGUARDED_AVAILABILITY = YES_AGGRESSIVE;
				CLANG_WARN_UNREACHABLE_CODE = YES;
				CLANG_WARN__DUPLICATE_METHOD_MATCH = YES;
				COPY_PHASE_STRIP = NO;
				DEBUG_INFORMATION_FORMAT = dwarf;
				ENABLE_STRICT_OBJC_MSGSEND = YES;
				ENABLE_TESTABILITY = YES;
				ENABLE_USER_SCRIPT_SANDBOXING = YES;
				GCC_C_LANGUAGE_STANDARD = gnu17;
				GCC_DYNAMIC_NO_PIC = NO;
				GCC_NO_COMMON_BLOCKS = YES;
				GCC_OPTIMIZATION_LEVEL = 0;
				GCC_PREPROCESSOR_DEFINITIONS = (
					"DEBUG=1",
					"$(inherited)",
				);
				GCC_WARN_64_TO_32_BIT_CONVERSION = YES;
				GCC_WARN_ABOUT_RETURN_TYPE = YES_ERROR;
				GCC_WARN_UNDECLARED_SELECTOR = YES;
				GCC_WARN_UNINITIALIZED_AUTOS = YES_AGGRESSIVE;
				GCC_WARN_UNUSED_FUNCTION = YES;
				GCC_WARN_UNUSED_VARIABLE = YES;
				IPHONEOS_DEPLOYMENT_TARGET = 17.0;
				LOCALIZATION_PREFERS_STRING_CATALOGS = YES;
				MTL_ENABLE_DEBUG_INFO = INCLUDE_SOURCE;
				MTL_FAST_MATH = YES;
				ONLY_ACTIVE_ARCH = YES;
				SDKROOT = iphoneos;
				SWIFT_ACTIVE_COMPILATION_CONDITIONS = "DEBUG $(inherited)";
				SWIFT_OPTIMIZATION_LEVEL = "-Onone";
			};
			name = Debug;
		};
		41FD9A152B43D5EE0028D38E /* Release */ = {
			isa = XCBuildConfiguration;
			buildSettings = {
				ALWAYS_SEARCH_USER_PATHS = NO;
				ASSETCATALOG_COMPILER_GENERATE_SWIFT_ASSET_SYMBOL_EXTENSIONS = YES;
				CLANG_ANALYZER_NONNULL = YES;
				CLANG_ANALYZER_NUMBER_OBJECT_CONVERSION = YES_AGGRESSIVE;
				CLANG_CXX_LANGUAGE_STANDARD = "gnu++20";
				CLANG_ENABLE_MODULES = YES;
				CLANG_ENABLE_OBJC_ARC = YES;
				CLANG_ENABLE_OBJC_WEAK = YES;
				CLANG_WARN_BLOCK_CAPTURE_AUTORELEASING = YES;
				CLANG_WARN_BOOL_CONVERSION = YES;
				CLANG_WARN_COMMA = YES;
				CLANG_WARN_CONSTANT_CONVERSION = YES;
				CLANG_WARN_DEPRECATED_OBJC_IMPLEMENTATIONS = YES;
				CLANG_WARN_DIRECT_OBJC_ISA_USAGE = YES_ERROR;
				CLANG_WARN_DOCUMENTATION_COMMENTS = YES;
				CLANG_WARN_EMPTY_BODY = YES;
				CLANG_WARN_ENUM_CONVERSION = YES;
				CLANG_WARN_INFINITE_RECURSION = YES;
				CLANG_WARN_INT_CONVERSION = YES;
				CLANG_WARN_NON_LITERAL_NULL_CONVERSION = YES;
				CLANG_WARN_OBJC_IMPLICIT_RETAIN_SELF = YES;
				CLANG_WARN_OBJC_LITERAL_CONVERSION = YES;
				CLANG_WARN_OBJC_ROOT_CLASS = YES_ERROR;
				CLANG_WARN_QUOTED_INCLUDE_IN_FRAMEWORK_HEADER = YES;
				CLANG_WARN_RANGE_LOOP_ANALYSIS = YES;
				CLANG_WARN_STRICT_PROTOTYPES = YES;
				CLANG_WARN_SUSPICIOUS_MOVE = YES;
				CLANG_WARN_UNGUARDED_AVAILABILITY = YES_AGGRESSIVE;
				CLANG_WARN_UNREACHABLE_CODE = YES;
				CLANG_WARN__DUPLICATE_METHOD_MATCH = YES;
				COPY_PHASE_STRIP = NO;
				DEBUG_INFORMATION_FORMAT = "dwarf-with-dsym";
				ENABLE_NS_ASSERTIONS = NO;
				ENABLE_STRICT_OBJC_MSGSEND = YES;
				ENABLE_USER_SCRIPT_SANDBOXING = YES;
				GCC_C_LANGUAGE_STANDARD = gnu17;
				GCC_NO_COMMON_BLOCKS = YES;
				GCC_WARN_64_TO_32_BIT_CONVERSION = YES;
				GCC_WARN_ABOUT_RETURN_TYPE = YES_ERROR;
				GCC_WARN_UNDECLARED_SELECTOR = YES;
				GCC_WARN_UNINITIALIZED_AUTOS = YES_AGGRESSIVE;
				GCC_WARN_UNUSED_FUNCTION = YES;
				GCC_WARN_UNUSED_VARIABLE = YES;
				IPHONEOS_DEPLOYMENT_TARGET = 17.0;
				LOCALIZATION_PREFERS_STRING_CATALOGS = YES;
				MTL_ENABLE_DEBUG_INFO = NO;
				MTL_FAST_MATH = YES;
				SDKROOT = iphoneos;
				SWIFT_COMPILATION_MODE = wholemodule;
				VALIDATE_PRODUCT = YES;
			};
			name = Release;
		};
		41FD9A172B43D5EE0028D38E /* Debug */ = {
			isa = XCBuildConfiguration;
			buildSettings = {
				ASSETCATALOG_COMPILER_APPICON_NAME = AppIcon;
				ASSETCATALOG_COMPILER_GLOBAL_ACCENT_COLOR_NAME = AccentColor;
				CODE_SIGN_ENTITLEMENTS = PADO/PADO.entitlements;
				CODE_SIGN_IDENTITY = "Apple Development";
				"CODE_SIGN_IDENTITY[sdk=iphoneos*]" = "iPhone Distribution";
				CODE_SIGN_STYLE = Manual;
				CURRENT_PROJECT_VERSION = 1;
				DEVELOPMENT_ASSET_PATHS = "\"PADO/Preview Content\"";
				DEVELOPMENT_TEAM = "";
				"DEVELOPMENT_TEAM[sdk=iphoneos*]" = UAG934M4Q7;
				ENABLE_PREVIEWS = YES;
				GENERATE_INFOPLIST_FILE = YES;
				INFOPLIST_FILE = PADO/Info.plist;
				INFOPLIST_KEY_UIApplicationSceneManifest_Generation = YES;
				INFOPLIST_KEY_UIApplicationSupportsIndirectInputEvents = YES;
				INFOPLIST_KEY_UILaunchScreen_Generation = YES;
				INFOPLIST_KEY_UISupportedInterfaceOrientations_iPad = "UIInterfaceOrientationPortrait UIInterfaceOrientationPortraitUpsideDown UIInterfaceOrientationLandscapeLeft UIInterfaceOrientationLandscapeRight";
				INFOPLIST_KEY_UISupportedInterfaceOrientations_iPhone = "UIInterfaceOrientationPortrait UIInterfaceOrientationLandscapeLeft UIInterfaceOrientationLandscapeRight";
				INFOPLIST_KEY_UIUserInterfaceStyle = Dark;
				LD_RUNPATH_SEARCH_PATHS = (
					"$(inherited)",
					"@executable_path/Frameworks",
				);
				MARKETING_VERSION = 1.0;
				PRODUCT_BUNDLE_IDENTIFIER = com.4T2F.PADO;
				PRODUCT_NAME = "$(TARGET_NAME)";
				PROVISIONING_PROFILE_SPECIFIER = "";
				"PROVISIONING_PROFILE_SPECIFIER[sdk=iphoneos*]" = "PADO Release";
				SWIFT_EMIT_LOC_STRINGS = YES;
				SWIFT_VERSION = 5.0;
				TARGETED_DEVICE_FAMILY = "1,2";
			};
			name = Debug;
		};
		41FD9A182B43D5EE0028D38E /* Release */ = {
			isa = XCBuildConfiguration;
			buildSettings = {
				ASSETCATALOG_COMPILER_APPICON_NAME = AppIcon;
				ASSETCATALOG_COMPILER_GLOBAL_ACCENT_COLOR_NAME = AccentColor;
				CODE_SIGN_ENTITLEMENTS = PADO/PADO.entitlements;
				CODE_SIGN_IDENTITY = "Apple Development";
				"CODE_SIGN_IDENTITY[sdk=iphoneos*]" = "iPhone Distribution";
				CODE_SIGN_STYLE = Manual;
				CURRENT_PROJECT_VERSION = 1;
				DEVELOPMENT_ASSET_PATHS = "\"PADO/Preview Content\"";
				DEVELOPMENT_TEAM = "";
				"DEVELOPMENT_TEAM[sdk=iphoneos*]" = UAG934M4Q7;
				ENABLE_PREVIEWS = YES;
				GENERATE_INFOPLIST_FILE = YES;
				INFOPLIST_FILE = PADO/Info.plist;
				INFOPLIST_KEY_UIApplicationSceneManifest_Generation = YES;
				INFOPLIST_KEY_UIApplicationSupportsIndirectInputEvents = YES;
				INFOPLIST_KEY_UILaunchScreen_Generation = YES;
				INFOPLIST_KEY_UISupportedInterfaceOrientations_iPad = "UIInterfaceOrientationPortrait UIInterfaceOrientationPortraitUpsideDown UIInterfaceOrientationLandscapeLeft UIInterfaceOrientationLandscapeRight";
				INFOPLIST_KEY_UISupportedInterfaceOrientations_iPhone = "UIInterfaceOrientationPortrait UIInterfaceOrientationLandscapeLeft UIInterfaceOrientationLandscapeRight";
				INFOPLIST_KEY_UIUserInterfaceStyle = Dark;
				LD_RUNPATH_SEARCH_PATHS = (
					"$(inherited)",
					"@executable_path/Frameworks",
				);
				MARKETING_VERSION = 1.0;
				PRODUCT_BUNDLE_IDENTIFIER = com.4T2F.PADO;
				PRODUCT_NAME = "$(TARGET_NAME)";
				PROVISIONING_PROFILE_SPECIFIER = "";
				"PROVISIONING_PROFILE_SPECIFIER[sdk=iphoneos*]" = "PADO Release";
				SWIFT_EMIT_LOC_STRINGS = YES;
				SWIFT_VERSION = 5.0;
				TARGETED_DEVICE_FAMILY = "1,2";
			};
			name = Release;
		};
		41FD9A1A2B43D5EE0028D38E /* Debug */ = {
			isa = XCBuildConfiguration;
			buildSettings = {
				ALWAYS_EMBED_SWIFT_STANDARD_LIBRARIES = YES;
				BUNDLE_LOADER = "$(TEST_HOST)";
				CODE_SIGN_STYLE = Automatic;
				CURRENT_PROJECT_VERSION = 1;
				DEVELOPMENT_TEAM = UAG934M4Q7;
				GENERATE_INFOPLIST_FILE = YES;
				IPHONEOS_DEPLOYMENT_TARGET = 17.0;
				MARKETING_VERSION = 1.0;
				PRODUCT_BUNDLE_IDENTIFIER = com.4T2F.PADOTests;
				PRODUCT_NAME = "$(TARGET_NAME)";
				SWIFT_EMIT_LOC_STRINGS = NO;
				SWIFT_VERSION = 5.0;
				TARGETED_DEVICE_FAMILY = "1,2";
				TEST_HOST = "$(BUILT_PRODUCTS_DIR)/PADO.app/$(BUNDLE_EXECUTABLE_FOLDER_PATH)/PADO";
			};
			name = Debug;
		};
		41FD9A1B2B43D5EE0028D38E /* Release */ = {
			isa = XCBuildConfiguration;
			buildSettings = {
				ALWAYS_EMBED_SWIFT_STANDARD_LIBRARIES = YES;
				BUNDLE_LOADER = "$(TEST_HOST)";
				CODE_SIGN_STYLE = Automatic;
				CURRENT_PROJECT_VERSION = 1;
				DEVELOPMENT_TEAM = UAG934M4Q7;
				GENERATE_INFOPLIST_FILE = YES;
				IPHONEOS_DEPLOYMENT_TARGET = 17.0;
				MARKETING_VERSION = 1.0;
				PRODUCT_BUNDLE_IDENTIFIER = com.4T2F.PADOTests;
				PRODUCT_NAME = "$(TARGET_NAME)";
				SWIFT_EMIT_LOC_STRINGS = NO;
				SWIFT_VERSION = 5.0;
				TARGETED_DEVICE_FAMILY = "1,2";
				TEST_HOST = "$(BUILT_PRODUCTS_DIR)/PADO.app/$(BUNDLE_EXECUTABLE_FOLDER_PATH)/PADO";
			};
			name = Release;
		};
		41FD9A1D2B43D5EE0028D38E /* Debug */ = {
			isa = XCBuildConfiguration;
			buildSettings = {
				ALWAYS_EMBED_SWIFT_STANDARD_LIBRARIES = YES;
				CODE_SIGN_STYLE = Automatic;
				CURRENT_PROJECT_VERSION = 1;
				DEVELOPMENT_TEAM = UAG934M4Q7;
				GENERATE_INFOPLIST_FILE = YES;
				MARKETING_VERSION = 1.0;
				PRODUCT_BUNDLE_IDENTIFIER = com.4T2F.PADOUITests;
				PRODUCT_NAME = "$(TARGET_NAME)";
				SWIFT_EMIT_LOC_STRINGS = NO;
				SWIFT_VERSION = 5.0;
				TARGETED_DEVICE_FAMILY = "1,2";
				TEST_TARGET_NAME = PADO;
			};
			name = Debug;
		};
		41FD9A1E2B43D5EE0028D38E /* Release */ = {
			isa = XCBuildConfiguration;
			buildSettings = {
				ALWAYS_EMBED_SWIFT_STANDARD_LIBRARIES = YES;
				CODE_SIGN_STYLE = Automatic;
				CURRENT_PROJECT_VERSION = 1;
				DEVELOPMENT_TEAM = UAG934M4Q7;
				GENERATE_INFOPLIST_FILE = YES;
				MARKETING_VERSION = 1.0;
				PRODUCT_BUNDLE_IDENTIFIER = com.4T2F.PADOUITests;
				PRODUCT_NAME = "$(TARGET_NAME)";
				SWIFT_EMIT_LOC_STRINGS = NO;
				SWIFT_VERSION = 5.0;
				TARGETED_DEVICE_FAMILY = "1,2";
				TEST_TARGET_NAME = PADO;
			};
			name = Release;
		};
/* End XCBuildConfiguration section */

/* Begin XCConfigurationList section */
		41FD99ED2B43D5EC0028D38E /* Build configuration list for PBXProject "PADO" */ = {
			isa = XCConfigurationList;
			buildConfigurations = (
				41FD9A142B43D5EE0028D38E /* Debug */,
				41FD9A152B43D5EE0028D38E /* Release */,
			);
			defaultConfigurationIsVisible = 0;
			defaultConfigurationName = Release;
		};
		41FD9A162B43D5EE0028D38E /* Build configuration list for PBXNativeTarget "PADO" */ = {
			isa = XCConfigurationList;
			buildConfigurations = (
				41FD9A172B43D5EE0028D38E /* Debug */,
				41FD9A182B43D5EE0028D38E /* Release */,
			);
			defaultConfigurationIsVisible = 0;
			defaultConfigurationName = Release;
		};
		41FD9A192B43D5EE0028D38E /* Build configuration list for PBXNativeTarget "PADOTests" */ = {
			isa = XCConfigurationList;
			buildConfigurations = (
				41FD9A1A2B43D5EE0028D38E /* Debug */,
				41FD9A1B2B43D5EE0028D38E /* Release */,
			);
			defaultConfigurationIsVisible = 0;
			defaultConfigurationName = Release;
		};
		41FD9A1C2B43D5EE0028D38E /* Build configuration list for PBXNativeTarget "PADOUITests" */ = {
			isa = XCConfigurationList;
			buildConfigurations = (
				41FD9A1D2B43D5EE0028D38E /* Debug */,
				41FD9A1E2B43D5EE0028D38E /* Release */,
			);
			defaultConfigurationIsVisible = 0;
			defaultConfigurationName = Release;
		};
/* End XCConfigurationList section */

/* Begin XCRemoteSwiftPackageReference section */
		412B3A922B44F65100C2C7CD /* XCRemoteSwiftPackageReference "firebase-ios-sdk" */ = {
			isa = XCRemoteSwiftPackageReference;
			repositoryURL = "https://github.com/firebase/firebase-ios-sdk";
			requirement = {
				kind = upToNextMajorVersion;
				minimumVersion = 10.19.1;
			};
		};
		63B563F92B44653800AEC5E7 /* XCRemoteSwiftPackageReference "CountryPicker" */ = {
			isa = XCRemoteSwiftPackageReference;
			repositoryURL = "https://github.com/mobven/CountryPicker.git";
			requirement = {
				kind = upToNextMajorVersion;
				minimumVersion = 2.0.3;
			};
		};
/* End XCRemoteSwiftPackageReference section */

/* Begin XCSwiftPackageProductDependency section */
		412B3A932B44F65100C2C7CD /* FirebaseAnalytics */ = {
			isa = XCSwiftPackageProductDependency;
			package = 412B3A922B44F65100C2C7CD /* XCRemoteSwiftPackageReference "firebase-ios-sdk" */;
			productName = FirebaseAnalytics;
		};
		412B3A952B44F65100C2C7CD /* FirebaseAuth */ = {
			isa = XCSwiftPackageProductDependency;
			package = 412B3A922B44F65100C2C7CD /* XCRemoteSwiftPackageReference "firebase-ios-sdk" */;
			productName = FirebaseAuth;
		};
		412B3A972B44F65100C2C7CD /* FirebaseFirestore */ = {
			isa = XCSwiftPackageProductDependency;
			package = 412B3A922B44F65100C2C7CD /* XCRemoteSwiftPackageReference "firebase-ios-sdk" */;
			productName = FirebaseFirestore;
		};
		412B3A992B44F65100C2C7CD /* FirebaseFirestoreCombine-Community */ = {
			isa = XCSwiftPackageProductDependency;
			package = 412B3A922B44F65100C2C7CD /* XCRemoteSwiftPackageReference "firebase-ios-sdk" */;
			productName = "FirebaseFirestoreCombine-Community";
		};
		412B3A9B2B44F65100C2C7CD /* FirebaseFirestoreSwift */ = {
			isa = XCSwiftPackageProductDependency;
			package = 412B3A922B44F65100C2C7CD /* XCRemoteSwiftPackageReference "firebase-ios-sdk" */;
			productName = FirebaseFirestoreSwift;
		};
		412B3A9D2B44F65100C2C7CD /* FirebaseMessaging */ = {
			isa = XCSwiftPackageProductDependency;
			package = 412B3A922B44F65100C2C7CD /* XCRemoteSwiftPackageReference "firebase-ios-sdk" */;
			productName = FirebaseMessaging;
		};
		412B3A9F2B44F65100C2C7CD /* FirebaseStorage */ = {
			isa = XCSwiftPackageProductDependency;
			package = 412B3A922B44F65100C2C7CD /* XCRemoteSwiftPackageReference "firebase-ios-sdk" */;
			productName = FirebaseStorage;
		};
		63AB41182B45D38F007B37DC /* FirebaseStorageCombine-Community */ = {
			isa = XCSwiftPackageProductDependency;
			package = 412B3A922B44F65100C2C7CD /* XCRemoteSwiftPackageReference "firebase-ios-sdk" */;
			productName = "FirebaseStorageCombine-Community";
		};
		63B563FA2B44653800AEC5E7 /* CountryPicker */ = {
			isa = XCSwiftPackageProductDependency;
			package = 63B563F92B44653800AEC5E7 /* XCRemoteSwiftPackageReference "CountryPicker" */;
			productName = CountryPicker;
		};
/* End XCSwiftPackageProductDependency section */
	};
	rootObject = 41FD99EA2B43D5EC0028D38E /* Project object */;
}
